
Microsoft Visual Studio Solution File, Format Version 12.00
# Visual Studio 2013
VisualStudioVersion = 12.0.30501.0
MinimumVisualStudioVersion = 10.0.40219.1
Project("{8BC9CEB8-8B4A-11D0-8D11-00A0C91BC942}") = "Application_Client", "Application\Application.vcxproj", "{7F3313DC-157F-4FD3-81F1-F918848BBCEE}"
	ProjectSection(ProjectDependencies) = postProject
		{25945336-03D1-42A6-8764-7EF11DBC42E6} = {25945336-03D1-42A6-8764-7EF11DBC42E6}
	EndProjectSection
EndProject
Project("{8BC9CEB8-8B4A-11D0-8D11-00A0C91BC942}") = "Engine", "Engine\Engine.vcxproj", "{56E2C751-A07C-49D7-9073-839A5D0A71D2}"
EndProject
Project("{8BC9CEB8-8B4A-11D0-8D11-00A0C91BC942}") = "CommonUtilities", "CommonUtilities\CommonUtilities.vcxproj", "{CF69D483-5BF1-4673-99E2-C04B953CA73C}"
EndProject
Project("{8BC9CEB8-8B4A-11D0-8D11-00A0C91BC942}") = "DL_Debug", "DL_Debug\DL_Debug.vcxproj", "{79D52050-1454-49C9-9186-AB74C959970E}"
EndProject
Project("{8BC9CEB8-8B4A-11D0-8D11-00A0C91BC942}") = "InputWrapper", "InputWrapper\InputWrapper.vcxproj", "{E6BD4153-64BE-4109-8D3C-724BAADAB8AF}"
EndProject
Project("{8BC9CEB8-8B4A-11D0-8D11-00A0C91BC942}") = "Timer", "Timer\Timer.vcxproj", "{62C9B6F1-E90E-49C7-B0C6-3809FCA2065D}"
EndProject
Project("{FAE04EC0-301F-11D3-BF4B-00C04F79EFBC}") = "Launcher", "Launcher\Launcher.csproj", "{A6FF485B-C021-486E-BEA3-2CB4E4CBB0A1}"
EndProject
Project("{8BC9CEB8-8B4A-11D0-8D11-00A0C91BC942}") = "Game_Client", "Game\Game.vcxproj", "{040C55CC-94AC-4543-A75B-B121AC5AF085}"
EndProject
Project("{8BC9CEB8-8B4A-11D0-8D11-00A0C91BC942}") = "Audio", "Audio\Audio.vcxproj", "{B5915C8F-2AEF-4137-BCBE-152F819860CD}"
EndProject
Project("{8BC9CEB8-8B4A-11D0-8D11-00A0C91BC942}") = "DLLExporter", "DLLExporter\DLLExporter.vcxproj", "{4A98CE31-948D-48D1-8DD8-F6828590FC65}"
	ProjectSection(ProjectDependencies) = postProject
		{F9457655-C0BD-4C0F-A7F9-1197DA5C5C6A} = {F9457655-C0BD-4C0F-A7F9-1197DA5C5C6A}
	EndProjectSection
EndProject
Project("{8BC9CEB8-8B4A-11D0-8D11-00A0C91BC942}") = "GUI", "GUI\GUI.vcxproj", "{17CEF55E-6AEE-4487-AD02-5940167C2FD0}"
	ProjectSection(ProjectDependencies) = postProject
		{79D52050-1454-49C9-9186-AB74C959970E} = {79D52050-1454-49C9-9186-AB74C959970E}
		{CF69D483-5BF1-4673-99E2-C04B953CA73C} = {CF69D483-5BF1-4673-99E2-C04B953CA73C}
	EndProjectSection
EndProject
Project("{8BC9CEB8-8B4A-11D0-8D11-00A0C91BC942}") = "Memory", "Memory\Memory.vcxproj", "{25945336-03D1-42A6-8764-7EF11DBC42E6}"
	ProjectSection(ProjectDependencies) = postProject
		{79D52050-1454-49C9-9186-AB74C959970E} = {79D52050-1454-49C9-9186-AB74C959970E}
	EndProjectSection
EndProject
Project("{8BC9CEB8-8B4A-11D0-8D11-00A0C91BC942}") = "PostMaster", "PostMaster\PostMaster.vcxproj", "{EF362EDC-8FFF-400B-A5FF-05A9BC551D65}"
EndProject
Project("{8BC9CEB8-8B4A-11D0-8D11-00A0C91BC942}") = "Entity", "Entity\Entity.vcxproj", "{9DD8D699-EDB7-44B3-A0DC-1FA57B81FA7A}"
EndProject
Project("{8BC9CEB8-8B4A-11D0-8D11-00A0C91BC942}") = "ParticleSystem", "ParticleSystem\ParticleSystem.vcxproj", "{F9457655-C0BD-4C0F-A7F9-1197DA5C5C6A}"
EndProject
Project("{8BC9CEB8-8B4A-11D0-8D11-00A0C91BC942}") = "StreakSystem", "StreakSystem\StreakSystem.vcxproj", "{1C904C93-25EC-4BF5-AEFC-F324A26F2122}"
EndProject
Project("{8BC9CEB8-8B4A-11D0-8D11-00A0C91BC942}") = "Script", "Script\Script.vcxproj", "{BEDE80BE-C4C8-4F8C-8632-51C0908BFA5E}"
EndProject
Project("{8BC9CEB8-8B4A-11D0-8D11-00A0C91BC942}") = "DataExporter", "DataExporter\DataExporter.vcxproj", "{70428136-2CBA-440D-BC14-1E5EFC7C52FE}"
EndProject
Project("{8BC9CEB8-8B4A-11D0-8D11-00A0C91BC942}") = "Application_Server", "Application_Server\Application_Server.vcxproj", "{FE6819DB-1A2C-4356-9427-38D240981775}"
EndProject
Project("{2150E333-8FDC-42A3-9474-1A3956D46DE8}") = "Startup (Exe)", "Startup (Exe)", "{A42B5024-35AC-485D-928D-CF64070FB66E}"
EndProject
Project("{2150E333-8FDC-42A3-9474-1A3956D46DE8}") = "Utilities", "Utilities", "{59FB0E8E-C46D-48B0-B034-9F356A16CC06}"
EndProject
Project("{8BC9CEB8-8B4A-11D0-8D11-00A0C91BC942}") = "Game_Server", "Game_Server\Game_Server.vcxproj", "{8F1EDD17-BC16-4B0E-9260-DC476AC33536}"
EndProject
Project("{8BC9CEB8-8B4A-11D0-8D11-00A0C91BC942}") = "Game_Shared", "Game_Shared\Game_Shared.vcxproj", "{859757CC-39F4-405B-8E3F-8028DE4B1FD6}"
EndProject
Project("{2150E333-8FDC-42A3-9474-1A3956D46DE8}") = "Game", "Game", "{FEA20E07-9F6B-49EF-962C-9CDA547E8968}"
EndProject
Project("{2150E333-8FDC-42A3-9474-1A3956D46DE8}") = "Engines", "Engines", "{586C4FF3-6E8D-44BD-A39C-C042BDD2E0E4}"
EndProject
Project("{8BC9CEB8-8B4A-11D0-8D11-00A0C91BC942}") = "Network", "Network\Network.vcxproj", "{E907E38A-6EF7-4CB7-BEC4-7076444557BD}"
EndProject
Project("{8BC9CEB8-8B4A-11D0-8D11-00A0C91BC942}") = "Physics", "Physics\Physics.vcxproj", "{269B4029-985D-43A9-AD41-903389C1070D}"
EndProject
Global
	GlobalSection(SolutionConfigurationPlatforms) = preSolution
		DataExporter|Any CPU = DataExporter|Any CPU
		DataExporter|Mixed Platforms = DataExporter|Mixed Platforms
		DataExporter|Win32 = DataExporter|Win32
		Debug|Any CPU = Debug|Any CPU
		Debug|Mixed Platforms = Debug|Mixed Platforms
		Debug|Win32 = Debug|Win32
		DLL_Release|Any CPU = DLL_Release|Any CPU
		DLL_Release|Mixed Platforms = DLL_Release|Mixed Platforms
		DLL_Release|Win32 = DLL_Release|Win32
		Internal|Any CPU = Internal|Any CPU
		Internal|Mixed Platforms = Internal|Mixed Platforms
		Internal|Win32 = Internal|Win32
		Release|Any CPU = Release|Any CPU
		Release|Mixed Platforms = Release|Mixed Platforms
		Release|Win32 = Release|Win32
	EndGlobalSection
	GlobalSection(ProjectConfigurationPlatforms) = postSolution
		{7F3313DC-157F-4FD3-81F1-F918848BBCEE}.DataExporter|Any CPU.ActiveCfg = DataExporter|Win32
		{7F3313DC-157F-4FD3-81F1-F918848BBCEE}.DataExporter|Mixed Platforms.ActiveCfg = DataExporter|Win32
		{7F3313DC-157F-4FD3-81F1-F918848BBCEE}.DataExporter|Win32.ActiveCfg = DataExporter|Win32
		{7F3313DC-157F-4FD3-81F1-F918848BBCEE}.DataExporter|Win32.Build.0 = DataExporter|Win32
		{7F3313DC-157F-4FD3-81F1-F918848BBCEE}.Debug|Any CPU.ActiveCfg = Debug|Win32
		{7F3313DC-157F-4FD3-81F1-F918848BBCEE}.Debug|Mixed Platforms.ActiveCfg = Debug|Win32
		{7F3313DC-157F-4FD3-81F1-F918848BBCEE}.Debug|Mixed Platforms.Build.0 = Debug|Win32
		{7F3313DC-157F-4FD3-81F1-F918848BBCEE}.Debug|Win32.ActiveCfg = Debug|Win32
		{7F3313DC-157F-4FD3-81F1-F918848BBCEE}.Debug|Win32.Build.0 = Debug|Win32
		{7F3313DC-157F-4FD3-81F1-F918848BBCEE}.DLL_Release|Any CPU.ActiveCfg = DLL_Release|Win32
		{7F3313DC-157F-4FD3-81F1-F918848BBCEE}.DLL_Release|Mixed Platforms.ActiveCfg = DLL_Release|Win32
		{7F3313DC-157F-4FD3-81F1-F918848BBCEE}.DLL_Release|Win32.ActiveCfg = DLL_Release|Win32
		{7F3313DC-157F-4FD3-81F1-F918848BBCEE}.DLL_Release|Win32.Build.0 = DLL_Release|Win32
		{7F3313DC-157F-4FD3-81F1-F918848BBCEE}.Internal|Any CPU.ActiveCfg = Internal|Win32
		{7F3313DC-157F-4FD3-81F1-F918848BBCEE}.Internal|Mixed Platforms.ActiveCfg = Internal|Win32
		{7F3313DC-157F-4FD3-81F1-F918848BBCEE}.Internal|Mixed Platforms.Build.0 = Internal|Win32
		{7F3313DC-157F-4FD3-81F1-F918848BBCEE}.Internal|Win32.ActiveCfg = Internal|Win32
		{7F3313DC-157F-4FD3-81F1-F918848BBCEE}.Internal|Win32.Build.0 = Internal|Win32
		{7F3313DC-157F-4FD3-81F1-F918848BBCEE}.Release|Any CPU.ActiveCfg = Release|Win32
		{7F3313DC-157F-4FD3-81F1-F918848BBCEE}.Release|Mixed Platforms.ActiveCfg = Release|Win32
		{7F3313DC-157F-4FD3-81F1-F918848BBCEE}.Release|Mixed Platforms.Build.0 = Release|Win32
		{7F3313DC-157F-4FD3-81F1-F918848BBCEE}.Release|Win32.ActiveCfg = Release|Win32
		{7F3313DC-157F-4FD3-81F1-F918848BBCEE}.Release|Win32.Build.0 = Release|Win32
		{56E2C751-A07C-49D7-9073-839A5D0A71D2}.DataExporter|Any CPU.ActiveCfg = DataExporter|Win32
		{56E2C751-A07C-49D7-9073-839A5D0A71D2}.DataExporter|Mixed Platforms.ActiveCfg = Release|Win32
		{56E2C751-A07C-49D7-9073-839A5D0A71D2}.DataExporter|Mixed Platforms.Build.0 = Release|Win32
		{56E2C751-A07C-49D7-9073-839A5D0A71D2}.DataExporter|Win32.ActiveCfg = DataExporter|Win32
		{56E2C751-A07C-49D7-9073-839A5D0A71D2}.DataExporter|Win32.Build.0 = DataExporter|Win32
		{56E2C751-A07C-49D7-9073-839A5D0A71D2}.Debug|Any CPU.ActiveCfg = Debug|Win32
		{56E2C751-A07C-49D7-9073-839A5D0A71D2}.Debug|Mixed Platforms.ActiveCfg = Debug|Win32
		{56E2C751-A07C-49D7-9073-839A5D0A71D2}.Debug|Mixed Platforms.Build.0 = Debug|Win32
		{56E2C751-A07C-49D7-9073-839A5D0A71D2}.Debug|Win32.ActiveCfg = Debug|Win32
		{56E2C751-A07C-49D7-9073-839A5D0A71D2}.Debug|Win32.Build.0 = Debug|Win32
		{56E2C751-A07C-49D7-9073-839A5D0A71D2}.DLL_Release|Any CPU.ActiveCfg = DLL_Release|Win32
		{56E2C751-A07C-49D7-9073-839A5D0A71D2}.DLL_Release|Mixed Platforms.ActiveCfg = DLL_Release|Win32
		{56E2C751-A07C-49D7-9073-839A5D0A71D2}.DLL_Release|Mixed Platforms.Build.0 = DLL_Release|Win32
		{56E2C751-A07C-49D7-9073-839A5D0A71D2}.DLL_Release|Win32.ActiveCfg = DLL_Release|Win32
		{56E2C751-A07C-49D7-9073-839A5D0A71D2}.DLL_Release|Win32.Build.0 = DLL_Release|Win32
		{56E2C751-A07C-49D7-9073-839A5D0A71D2}.Internal|Any CPU.ActiveCfg = Internal|Win32
		{56E2C751-A07C-49D7-9073-839A5D0A71D2}.Internal|Mixed Platforms.ActiveCfg = Internal|Win32
		{56E2C751-A07C-49D7-9073-839A5D0A71D2}.Internal|Mixed Platforms.Build.0 = Internal|Win32
		{56E2C751-A07C-49D7-9073-839A5D0A71D2}.Internal|Win32.ActiveCfg = Internal|Win32
		{56E2C751-A07C-49D7-9073-839A5D0A71D2}.Internal|Win32.Build.0 = Internal|Win32
		{56E2C751-A07C-49D7-9073-839A5D0A71D2}.Release|Any CPU.ActiveCfg = Release|Win32
		{56E2C751-A07C-49D7-9073-839A5D0A71D2}.Release|Mixed Platforms.ActiveCfg = Release|Win32
		{56E2C751-A07C-49D7-9073-839A5D0A71D2}.Release|Mixed Platforms.Build.0 = Release|Win32
		{56E2C751-A07C-49D7-9073-839A5D0A71D2}.Release|Win32.ActiveCfg = Release|Win32
		{56E2C751-A07C-49D7-9073-839A5D0A71D2}.Release|Win32.Build.0 = Release|Win32
		{CF69D483-5BF1-4673-99E2-C04B953CA73C}.DataExporter|Any CPU.ActiveCfg = DataExporter|Win32
		{CF69D483-5BF1-4673-99E2-C04B953CA73C}.DataExporter|Mixed Platforms.ActiveCfg = Release|Win32
		{CF69D483-5BF1-4673-99E2-C04B953CA73C}.DataExporter|Mixed Platforms.Build.0 = Release|Win32
		{CF69D483-5BF1-4673-99E2-C04B953CA73C}.DataExporter|Win32.ActiveCfg = DataExporter|Win32
		{CF69D483-5BF1-4673-99E2-C04B953CA73C}.DataExporter|Win32.Build.0 = DataExporter|Win32
		{CF69D483-5BF1-4673-99E2-C04B953CA73C}.Debug|Any CPU.ActiveCfg = Debug|Win32
		{CF69D483-5BF1-4673-99E2-C04B953CA73C}.Debug|Mixed Platforms.ActiveCfg = Debug|Win32
		{CF69D483-5BF1-4673-99E2-C04B953CA73C}.Debug|Mixed Platforms.Build.0 = Debug|Win32
		{CF69D483-5BF1-4673-99E2-C04B953CA73C}.Debug|Win32.ActiveCfg = Debug|Win32
		{CF69D483-5BF1-4673-99E2-C04B953CA73C}.Debug|Win32.Build.0 = Debug|Win32
		{CF69D483-5BF1-4673-99E2-C04B953CA73C}.DLL_Release|Any CPU.ActiveCfg = DLL_Release|Win32
		{CF69D483-5BF1-4673-99E2-C04B953CA73C}.DLL_Release|Mixed Platforms.ActiveCfg = DLL_Release|Win32
		{CF69D483-5BF1-4673-99E2-C04B953CA73C}.DLL_Release|Mixed Platforms.Build.0 = DLL_Release|Win32
		{CF69D483-5BF1-4673-99E2-C04B953CA73C}.DLL_Release|Win32.ActiveCfg = DLL_Release|Win32
		{CF69D483-5BF1-4673-99E2-C04B953CA73C}.DLL_Release|Win32.Build.0 = DLL_Release|Win32
		{CF69D483-5BF1-4673-99E2-C04B953CA73C}.Internal|Any CPU.ActiveCfg = Internal|Win32
		{CF69D483-5BF1-4673-99E2-C04B953CA73C}.Internal|Mixed Platforms.ActiveCfg = Internal|Win32
		{CF69D483-5BF1-4673-99E2-C04B953CA73C}.Internal|Mixed Platforms.Build.0 = Internal|Win32
		{CF69D483-5BF1-4673-99E2-C04B953CA73C}.Internal|Win32.ActiveCfg = Internal|Win32
		{CF69D483-5BF1-4673-99E2-C04B953CA73C}.Internal|Win32.Build.0 = Internal|Win32
		{CF69D483-5BF1-4673-99E2-C04B953CA73C}.Release|Any CPU.ActiveCfg = Release|Win32
		{CF69D483-5BF1-4673-99E2-C04B953CA73C}.Release|Mixed Platforms.ActiveCfg = Release|Win32
		{CF69D483-5BF1-4673-99E2-C04B953CA73C}.Release|Mixed Platforms.Build.0 = Release|Win32
		{CF69D483-5BF1-4673-99E2-C04B953CA73C}.Release|Win32.ActiveCfg = Release|Win32
		{CF69D483-5BF1-4673-99E2-C04B953CA73C}.Release|Win32.Build.0 = Release|Win32
		{79D52050-1454-49C9-9186-AB74C959970E}.DataExporter|Any CPU.ActiveCfg = DataExporter|Win32
		{79D52050-1454-49C9-9186-AB74C959970E}.DataExporter|Mixed Platforms.ActiveCfg = Internal|Win32
		{79D52050-1454-49C9-9186-AB74C959970E}.DataExporter|Mixed Platforms.Build.0 = Internal|Win32
		{79D52050-1454-49C9-9186-AB74C959970E}.DataExporter|Win32.ActiveCfg = DataExporter|Win32
		{79D52050-1454-49C9-9186-AB74C959970E}.DataExporter|Win32.Build.0 = DataExporter|Win32
		{79D52050-1454-49C9-9186-AB74C959970E}.Debug|Any CPU.ActiveCfg = Debug|Win32
		{79D52050-1454-49C9-9186-AB74C959970E}.Debug|Mixed Platforms.ActiveCfg = Debug|Win32
		{79D52050-1454-49C9-9186-AB74C959970E}.Debug|Mixed Platforms.Build.0 = Debug|Win32
		{79D52050-1454-49C9-9186-AB74C959970E}.Debug|Win32.ActiveCfg = Debug|Win32
		{79D52050-1454-49C9-9186-AB74C959970E}.Debug|Win32.Build.0 = Debug|Win32
		{79D52050-1454-49C9-9186-AB74C959970E}.DLL_Release|Any CPU.ActiveCfg = DLL_Release|Win32
		{79D52050-1454-49C9-9186-AB74C959970E}.DLL_Release|Mixed Platforms.ActiveCfg = DLL_Release|Win32
		{79D52050-1454-49C9-9186-AB74C959970E}.DLL_Release|Mixed Platforms.Build.0 = DLL_Release|Win32
		{79D52050-1454-49C9-9186-AB74C959970E}.DLL_Release|Win32.ActiveCfg = DLL_Release|Win32
		{79D52050-1454-49C9-9186-AB74C959970E}.DLL_Release|Win32.Build.0 = DLL_Release|Win32
		{79D52050-1454-49C9-9186-AB74C959970E}.Internal|Any CPU.ActiveCfg = Internal|Win32
		{79D52050-1454-49C9-9186-AB74C959970E}.Internal|Mixed Platforms.ActiveCfg = Internal|Win32
		{79D52050-1454-49C9-9186-AB74C959970E}.Internal|Mixed Platforms.Build.0 = Internal|Win32
		{79D52050-1454-49C9-9186-AB74C959970E}.Internal|Win32.ActiveCfg = Internal|Win32
		{79D52050-1454-49C9-9186-AB74C959970E}.Internal|Win32.Build.0 = Internal|Win32
		{79D52050-1454-49C9-9186-AB74C959970E}.Release|Any CPU.ActiveCfg = Release|Win32
		{79D52050-1454-49C9-9186-AB74C959970E}.Release|Mixed Platforms.ActiveCfg = Release|Win32
		{79D52050-1454-49C9-9186-AB74C959970E}.Release|Mixed Platforms.Build.0 = Release|Win32
		{79D52050-1454-49C9-9186-AB74C959970E}.Release|Win32.ActiveCfg = Release|Win32
		{79D52050-1454-49C9-9186-AB74C959970E}.Release|Win32.Build.0 = Release|Win32
		{E6BD4153-64BE-4109-8D3C-724BAADAB8AF}.DataExporter|Any CPU.ActiveCfg = DataExporter|Win32
		{E6BD4153-64BE-4109-8D3C-724BAADAB8AF}.DataExporter|Mixed Platforms.ActiveCfg = DataExporter|Win32
		{E6BD4153-64BE-4109-8D3C-724BAADAB8AF}.DataExporter|Win32.ActiveCfg = DataExporter|Win32
		{E6BD4153-64BE-4109-8D3C-724BAADAB8AF}.DataExporter|Win32.Build.0 = DataExporter|Win32
		{E6BD4153-64BE-4109-8D3C-724BAADAB8AF}.Debug|Any CPU.ActiveCfg = Debug|Win32
		{E6BD4153-64BE-4109-8D3C-724BAADAB8AF}.Debug|Mixed Platforms.ActiveCfg = Debug|Win32
		{E6BD4153-64BE-4109-8D3C-724BAADAB8AF}.Debug|Mixed Platforms.Build.0 = Debug|Win32
		{E6BD4153-64BE-4109-8D3C-724BAADAB8AF}.Debug|Win32.ActiveCfg = Debug|Win32
		{E6BD4153-64BE-4109-8D3C-724BAADAB8AF}.Debug|Win32.Build.0 = Debug|Win32
		{E6BD4153-64BE-4109-8D3C-724BAADAB8AF}.DLL_Release|Any CPU.ActiveCfg = DLL_Release|Win32
		{E6BD4153-64BE-4109-8D3C-724BAADAB8AF}.DLL_Release|Mixed Platforms.ActiveCfg = DLL_Release|Win32
		{E6BD4153-64BE-4109-8D3C-724BAADAB8AF}.DLL_Release|Mixed Platforms.Build.0 = DLL_Release|Win32
		{E6BD4153-64BE-4109-8D3C-724BAADAB8AF}.DLL_Release|Win32.ActiveCfg = DLL_Release|Win32
		{E6BD4153-64BE-4109-8D3C-724BAADAB8AF}.DLL_Release|Win32.Build.0 = DLL_Release|Win32
		{E6BD4153-64BE-4109-8D3C-724BAADAB8AF}.Internal|Any CPU.ActiveCfg = Internal|Win32
		{E6BD4153-64BE-4109-8D3C-724BAADAB8AF}.Internal|Mixed Platforms.ActiveCfg = Internal|Win32
		{E6BD4153-64BE-4109-8D3C-724BAADAB8AF}.Internal|Mixed Platforms.Build.0 = Internal|Win32
		{E6BD4153-64BE-4109-8D3C-724BAADAB8AF}.Internal|Win32.ActiveCfg = Internal|Win32
		{E6BD4153-64BE-4109-8D3C-724BAADAB8AF}.Internal|Win32.Build.0 = Internal|Win32
		{E6BD4153-64BE-4109-8D3C-724BAADAB8AF}.Release|Any CPU.ActiveCfg = Release|Win32
		{E6BD4153-64BE-4109-8D3C-724BAADAB8AF}.Release|Mixed Platforms.ActiveCfg = Release|Win32
		{E6BD4153-64BE-4109-8D3C-724BAADAB8AF}.Release|Mixed Platforms.Build.0 = Release|Win32
		{E6BD4153-64BE-4109-8D3C-724BAADAB8AF}.Release|Win32.ActiveCfg = Release|Win32
		{E6BD4153-64BE-4109-8D3C-724BAADAB8AF}.Release|Win32.Build.0 = Release|Win32
		{62C9B6F1-E90E-49C7-B0C6-3809FCA2065D}.DataExporter|Any CPU.ActiveCfg = DataExporter|Win32
		{62C9B6F1-E90E-49C7-B0C6-3809FCA2065D}.DataExporter|Mixed Platforms.ActiveCfg = Release|Win32
		{62C9B6F1-E90E-49C7-B0C6-3809FCA2065D}.DataExporter|Mixed Platforms.Build.0 = Release|Win32
		{62C9B6F1-E90E-49C7-B0C6-3809FCA2065D}.DataExporter|Win32.ActiveCfg = DataExporter|Win32
		{62C9B6F1-E90E-49C7-B0C6-3809FCA2065D}.DataExporter|Win32.Build.0 = DataExporter|Win32
		{62C9B6F1-E90E-49C7-B0C6-3809FCA2065D}.Debug|Any CPU.ActiveCfg = Debug|Win32
		{62C9B6F1-E90E-49C7-B0C6-3809FCA2065D}.Debug|Mixed Platforms.ActiveCfg = Debug|Win32
		{62C9B6F1-E90E-49C7-B0C6-3809FCA2065D}.Debug|Mixed Platforms.Build.0 = Debug|Win32
		{62C9B6F1-E90E-49C7-B0C6-3809FCA2065D}.Debug|Win32.ActiveCfg = Debug|Win32
		{62C9B6F1-E90E-49C7-B0C6-3809FCA2065D}.Debug|Win32.Build.0 = Debug|Win32
		{62C9B6F1-E90E-49C7-B0C6-3809FCA2065D}.DLL_Release|Any CPU.ActiveCfg = DLL_Release|Win32
		{62C9B6F1-E90E-49C7-B0C6-3809FCA2065D}.DLL_Release|Mixed Platforms.ActiveCfg = DLL_Release|Win32
		{62C9B6F1-E90E-49C7-B0C6-3809FCA2065D}.DLL_Release|Mixed Platforms.Build.0 = DLL_Release|Win32
		{62C9B6F1-E90E-49C7-B0C6-3809FCA2065D}.DLL_Release|Win32.ActiveCfg = DLL_Release|Win32
		{62C9B6F1-E90E-49C7-B0C6-3809FCA2065D}.DLL_Release|Win32.Build.0 = DLL_Release|Win32
		{62C9B6F1-E90E-49C7-B0C6-3809FCA2065D}.Internal|Any CPU.ActiveCfg = Internal|Win32
		{62C9B6F1-E90E-49C7-B0C6-3809FCA2065D}.Internal|Mixed Platforms.ActiveCfg = Internal|Win32
		{62C9B6F1-E90E-49C7-B0C6-3809FCA2065D}.Internal|Mixed Platforms.Build.0 = Internal|Win32
		{62C9B6F1-E90E-49C7-B0C6-3809FCA2065D}.Internal|Win32.ActiveCfg = Internal|Win32
		{62C9B6F1-E90E-49C7-B0C6-3809FCA2065D}.Internal|Win32.Build.0 = Internal|Win32
		{62C9B6F1-E90E-49C7-B0C6-3809FCA2065D}.Release|Any CPU.ActiveCfg = Release|Win32
		{62C9B6F1-E90E-49C7-B0C6-3809FCA2065D}.Release|Mixed Platforms.ActiveCfg = Release|Win32
		{62C9B6F1-E90E-49C7-B0C6-3809FCA2065D}.Release|Mixed Platforms.Build.0 = Release|Win32
		{62C9B6F1-E90E-49C7-B0C6-3809FCA2065D}.Release|Win32.ActiveCfg = Release|Win32
		{62C9B6F1-E90E-49C7-B0C6-3809FCA2065D}.Release|Win32.Build.0 = Release|Win32
		{A6FF485B-C021-486E-BEA3-2CB4E4CBB0A1}.DataExporter|Any CPU.ActiveCfg = DataExporter|Any CPU
		{A6FF485B-C021-486E-BEA3-2CB4E4CBB0A1}.DataExporter|Any CPU.Build.0 = DataExporter|Any CPU
		{A6FF485B-C021-486E-BEA3-2CB4E4CBB0A1}.DataExporter|Mixed Platforms.ActiveCfg = DataExporter|Any CPU
		{A6FF485B-C021-486E-BEA3-2CB4E4CBB0A1}.DataExporter|Win32.ActiveCfg = DataExporter|Any CPU
		{A6FF485B-C021-486E-BEA3-2CB4E4CBB0A1}.Debug|Any CPU.ActiveCfg = Debug|Any CPU
		{A6FF485B-C021-486E-BEA3-2CB4E4CBB0A1}.Debug|Any CPU.Build.0 = Debug|Any CPU
		{A6FF485B-C021-486E-BEA3-2CB4E4CBB0A1}.Debug|Mixed Platforms.ActiveCfg = Debug|Any CPU
		{A6FF485B-C021-486E-BEA3-2CB4E4CBB0A1}.Debug|Mixed Platforms.Build.0 = Debug|Any CPU
		{A6FF485B-C021-486E-BEA3-2CB4E4CBB0A1}.Debug|Win32.ActiveCfg = Debug|Any CPU
		{A6FF485B-C021-486E-BEA3-2CB4E4CBB0A1}.DLL_Release|Any CPU.ActiveCfg = DLL_Release|Any CPU
		{A6FF485B-C021-486E-BEA3-2CB4E4CBB0A1}.DLL_Release|Any CPU.Build.0 = DLL_Release|Any CPU
		{A6FF485B-C021-486E-BEA3-2CB4E4CBB0A1}.DLL_Release|Mixed Platforms.ActiveCfg = DLL_Release|Any CPU
		{A6FF485B-C021-486E-BEA3-2CB4E4CBB0A1}.DLL_Release|Win32.ActiveCfg = DLL_Release|Any CPU
		{A6FF485B-C021-486E-BEA3-2CB4E4CBB0A1}.Internal|Any CPU.ActiveCfg = Internal|Any CPU
		{A6FF485B-C021-486E-BEA3-2CB4E4CBB0A1}.Internal|Any CPU.Build.0 = Internal|Any CPU
		{A6FF485B-C021-486E-BEA3-2CB4E4CBB0A1}.Internal|Mixed Platforms.ActiveCfg = Internal|Any CPU
		{A6FF485B-C021-486E-BEA3-2CB4E4CBB0A1}.Internal|Mixed Platforms.Build.0 = Internal|Any CPU
		{A6FF485B-C021-486E-BEA3-2CB4E4CBB0A1}.Internal|Win32.ActiveCfg = Internal|Any CPU
		{A6FF485B-C021-486E-BEA3-2CB4E4CBB0A1}.Release|Any CPU.ActiveCfg = Release|Any CPU
		{A6FF485B-C021-486E-BEA3-2CB4E4CBB0A1}.Release|Any CPU.Build.0 = Release|Any CPU
		{A6FF485B-C021-486E-BEA3-2CB4E4CBB0A1}.Release|Mixed Platforms.ActiveCfg = Release|Any CPU
		{A6FF485B-C021-486E-BEA3-2CB4E4CBB0A1}.Release|Mixed Platforms.Build.0 = Release|Any CPU
		{A6FF485B-C021-486E-BEA3-2CB4E4CBB0A1}.Release|Win32.ActiveCfg = Release|Any CPU
		{040C55CC-94AC-4543-A75B-B121AC5AF085}.DataExporter|Any CPU.ActiveCfg = DataExporter|Win32
		{040C55CC-94AC-4543-A75B-B121AC5AF085}.DataExporter|Mixed Platforms.ActiveCfg = DataExporter|Win32
		{040C55CC-94AC-4543-A75B-B121AC5AF085}.DataExporter|Win32.ActiveCfg = DataExporter|Win32
		{040C55CC-94AC-4543-A75B-B121AC5AF085}.DataExporter|Win32.Build.0 = DataExporter|Win32
		{040C55CC-94AC-4543-A75B-B121AC5AF085}.Debug|Any CPU.ActiveCfg = Debug|Win32
		{040C55CC-94AC-4543-A75B-B121AC5AF085}.Debug|Mixed Platforms.ActiveCfg = Debug|Win32
		{040C55CC-94AC-4543-A75B-B121AC5AF085}.Debug|Mixed Platforms.Build.0 = Debug|Win32
		{040C55CC-94AC-4543-A75B-B121AC5AF085}.Debug|Win32.ActiveCfg = Debug|Win32
		{040C55CC-94AC-4543-A75B-B121AC5AF085}.Debug|Win32.Build.0 = Debug|Win32
		{040C55CC-94AC-4543-A75B-B121AC5AF085}.DLL_Release|Any CPU.ActiveCfg = DLL_Release|Win32
		{040C55CC-94AC-4543-A75B-B121AC5AF085}.DLL_Release|Mixed Platforms.ActiveCfg = DLL_Release|Win32
		{040C55CC-94AC-4543-A75B-B121AC5AF085}.DLL_Release|Win32.ActiveCfg = DLL_Release|Win32
		{040C55CC-94AC-4543-A75B-B121AC5AF085}.DLL_Release|Win32.Build.0 = DLL_Release|Win32
		{040C55CC-94AC-4543-A75B-B121AC5AF085}.Internal|Any CPU.ActiveCfg = Internal|Win32
		{040C55CC-94AC-4543-A75B-B121AC5AF085}.Internal|Mixed Platforms.ActiveCfg = Internal|Win32
		{040C55CC-94AC-4543-A75B-B121AC5AF085}.Internal|Mixed Platforms.Build.0 = Internal|Win32
		{040C55CC-94AC-4543-A75B-B121AC5AF085}.Internal|Win32.ActiveCfg = Internal|Win32
		{040C55CC-94AC-4543-A75B-B121AC5AF085}.Internal|Win32.Build.0 = Internal|Win32
		{040C55CC-94AC-4543-A75B-B121AC5AF085}.Release|Any CPU.ActiveCfg = Release|Win32
		{040C55CC-94AC-4543-A75B-B121AC5AF085}.Release|Mixed Platforms.ActiveCfg = Release|Win32
		{040C55CC-94AC-4543-A75B-B121AC5AF085}.Release|Mixed Platforms.Build.0 = Release|Win32
		{040C55CC-94AC-4543-A75B-B121AC5AF085}.Release|Win32.ActiveCfg = Release|Win32
		{040C55CC-94AC-4543-A75B-B121AC5AF085}.Release|Win32.Build.0 = Release|Win32
		{B5915C8F-2AEF-4137-BCBE-152F819860CD}.DataExporter|Any CPU.ActiveCfg = DataExporter|Win32
		{B5915C8F-2AEF-4137-BCBE-152F819860CD}.DataExporter|Mixed Platforms.ActiveCfg = DataExporter|Win32
		{B5915C8F-2AEF-4137-BCBE-152F819860CD}.DataExporter|Win32.ActiveCfg = DataExporter|Win32
		{B5915C8F-2AEF-4137-BCBE-152F819860CD}.DataExporter|Win32.Build.0 = DataExporter|Win32
		{B5915C8F-2AEF-4137-BCBE-152F819860CD}.Debug|Any CPU.ActiveCfg = Debug|Win32
		{B5915C8F-2AEF-4137-BCBE-152F819860CD}.Debug|Mixed Platforms.ActiveCfg = Debug|Win32
		{B5915C8F-2AEF-4137-BCBE-152F819860CD}.Debug|Mixed Platforms.Build.0 = Debug|Win32
		{B5915C8F-2AEF-4137-BCBE-152F819860CD}.Debug|Win32.ActiveCfg = Debug|Win32
		{B5915C8F-2AEF-4137-BCBE-152F819860CD}.Debug|Win32.Build.0 = Debug|Win32
		{B5915C8F-2AEF-4137-BCBE-152F819860CD}.DLL_Release|Any CPU.ActiveCfg = DLL_Release|Win32
		{B5915C8F-2AEF-4137-BCBE-152F819860CD}.DLL_Release|Mixed Platforms.ActiveCfg = DLL_Release|Win32
		{B5915C8F-2AEF-4137-BCBE-152F819860CD}.DLL_Release|Win32.ActiveCfg = DLL_Release|Win32
		{B5915C8F-2AEF-4137-BCBE-152F819860CD}.DLL_Release|Win32.Build.0 = DLL_Release|Win32
		{B5915C8F-2AEF-4137-BCBE-152F819860CD}.Internal|Any CPU.ActiveCfg = Internal|Win32
		{B5915C8F-2AEF-4137-BCBE-152F819860CD}.Internal|Mixed Platforms.ActiveCfg = Internal|Win32
		{B5915C8F-2AEF-4137-BCBE-152F819860CD}.Internal|Mixed Platforms.Build.0 = Internal|Win32
		{B5915C8F-2AEF-4137-BCBE-152F819860CD}.Internal|Win32.ActiveCfg = Internal|Win32
		{B5915C8F-2AEF-4137-BCBE-152F819860CD}.Internal|Win32.Build.0 = Internal|Win32
		{B5915C8F-2AEF-4137-BCBE-152F819860CD}.Release|Any CPU.ActiveCfg = Release|Win32
		{B5915C8F-2AEF-4137-BCBE-152F819860CD}.Release|Mixed Platforms.ActiveCfg = Release|Win32
		{B5915C8F-2AEF-4137-BCBE-152F819860CD}.Release|Mixed Platforms.Build.0 = Release|Win32
		{B5915C8F-2AEF-4137-BCBE-152F819860CD}.Release|Win32.ActiveCfg = Release|Win32
		{B5915C8F-2AEF-4137-BCBE-152F819860CD}.Release|Win32.Build.0 = Release|Win32
		{4A98CE31-948D-48D1-8DD8-F6828590FC65}.DataExporter|Any CPU.ActiveCfg = DataExporter|Win32
		{4A98CE31-948D-48D1-8DD8-F6828590FC65}.DataExporter|Mixed Platforms.ActiveCfg = DataExporter|Win32
		{4A98CE31-948D-48D1-8DD8-F6828590FC65}.DataExporter|Win32.ActiveCfg = DataExporter|Win32
		{4A98CE31-948D-48D1-8DD8-F6828590FC65}.Debug|Any CPU.ActiveCfg = Debug|Win32
		{4A98CE31-948D-48D1-8DD8-F6828590FC65}.Debug|Mixed Platforms.ActiveCfg = Debug|Win32
		{4A98CE31-948D-48D1-8DD8-F6828590FC65}.Debug|Win32.ActiveCfg = Debug|Win32
		{4A98CE31-948D-48D1-8DD8-F6828590FC65}.Debug|Win32.Build.0 = Debug|Win32
		{4A98CE31-948D-48D1-8DD8-F6828590FC65}.DLL_Release|Any CPU.ActiveCfg = DLL_Release|Win32
		{4A98CE31-948D-48D1-8DD8-F6828590FC65}.DLL_Release|Mixed Platforms.ActiveCfg = DLL_Release|Win32
		{4A98CE31-948D-48D1-8DD8-F6828590FC65}.DLL_Release|Mixed Platforms.Build.0 = DLL_Release|Win32
		{4A98CE31-948D-48D1-8DD8-F6828590FC65}.DLL_Release|Win32.ActiveCfg = DLL_Release|Win32
		{4A98CE31-948D-48D1-8DD8-F6828590FC65}.Internal|Any CPU.ActiveCfg = Internal|Win32
		{4A98CE31-948D-48D1-8DD8-F6828590FC65}.Internal|Mixed Platforms.ActiveCfg = Internal|Win32
		{4A98CE31-948D-48D1-8DD8-F6828590FC65}.Internal|Win32.ActiveCfg = Internal|Win32
		{4A98CE31-948D-48D1-8DD8-F6828590FC65}.Release|Any CPU.ActiveCfg = Release|Win32
		{4A98CE31-948D-48D1-8DD8-F6828590FC65}.Release|Mixed Platforms.ActiveCfg = Release|Win32
		{4A98CE31-948D-48D1-8DD8-F6828590FC65}.Release|Win32.ActiveCfg = Release|Win32
		{4A98CE31-948D-48D1-8DD8-F6828590FC65}.Release|Win32.Build.0 = Release|Win32
		{17CEF55E-6AEE-4487-AD02-5940167C2FD0}.DataExporter|Any CPU.ActiveCfg = DataExporter|Win32
		{17CEF55E-6AEE-4487-AD02-5940167C2FD0}.DataExporter|Mixed Platforms.ActiveCfg = DataExporter|Win32
		{17CEF55E-6AEE-4487-AD02-5940167C2FD0}.DataExporter|Win32.ActiveCfg = DataExporter|Win32
		{17CEF55E-6AEE-4487-AD02-5940167C2FD0}.DataExporter|Win32.Build.0 = DataExporter|Win32
		{17CEF55E-6AEE-4487-AD02-5940167C2FD0}.Debug|Any CPU.ActiveCfg = Debug|Win32
		{17CEF55E-6AEE-4487-AD02-5940167C2FD0}.Debug|Mixed Platforms.ActiveCfg = Debug|Win32
		{17CEF55E-6AEE-4487-AD02-5940167C2FD0}.Debug|Mixed Platforms.Build.0 = Debug|Win32
		{17CEF55E-6AEE-4487-AD02-5940167C2FD0}.Debug|Win32.ActiveCfg = Debug|Win32
		{17CEF55E-6AEE-4487-AD02-5940167C2FD0}.Debug|Win32.Build.0 = Debug|Win32
		{17CEF55E-6AEE-4487-AD02-5940167C2FD0}.DLL_Release|Any CPU.ActiveCfg = Release|Win32
		{17CEF55E-6AEE-4487-AD02-5940167C2FD0}.DLL_Release|Mixed Platforms.ActiveCfg = Release|Win32
		{17CEF55E-6AEE-4487-AD02-5940167C2FD0}.DLL_Release|Win32.ActiveCfg = Release|Win32
		{17CEF55E-6AEE-4487-AD02-5940167C2FD0}.DLL_Release|Win32.Build.0 = Release|Win32
		{17CEF55E-6AEE-4487-AD02-5940167C2FD0}.Internal|Any CPU.ActiveCfg = Release|Win32
		{17CEF55E-6AEE-4487-AD02-5940167C2FD0}.Internal|Mixed Platforms.ActiveCfg = Internal|Win32
		{17CEF55E-6AEE-4487-AD02-5940167C2FD0}.Internal|Mixed Platforms.Build.0 = Internal|Win32
		{17CEF55E-6AEE-4487-AD02-5940167C2FD0}.Internal|Win32.ActiveCfg = Release|Win32
		{17CEF55E-6AEE-4487-AD02-5940167C2FD0}.Internal|Win32.Build.0 = Release|Win32
		{17CEF55E-6AEE-4487-AD02-5940167C2FD0}.Release|Any CPU.ActiveCfg = Release|Win32
		{17CEF55E-6AEE-4487-AD02-5940167C2FD0}.Release|Mixed Platforms.ActiveCfg = Release|Win32
		{17CEF55E-6AEE-4487-AD02-5940167C2FD0}.Release|Mixed Platforms.Build.0 = Release|Win32
		{17CEF55E-6AEE-4487-AD02-5940167C2FD0}.Release|Win32.ActiveCfg = Release|Win32
		{17CEF55E-6AEE-4487-AD02-5940167C2FD0}.Release|Win32.Build.0 = Release|Win32
		{25945336-03D1-42A6-8764-7EF11DBC42E6}.DataExporter|Any CPU.ActiveCfg = DataExporter|Win32
		{25945336-03D1-42A6-8764-7EF11DBC42E6}.DataExporter|Mixed Platforms.ActiveCfg = Release|Win32
		{25945336-03D1-42A6-8764-7EF11DBC42E6}.DataExporter|Mixed Platforms.Build.0 = Release|Win32
		{25945336-03D1-42A6-8764-7EF11DBC42E6}.DataExporter|Win32.ActiveCfg = DataExporter|Win32
		{25945336-03D1-42A6-8764-7EF11DBC42E6}.DataExporter|Win32.Build.0 = DataExporter|Win32
		{25945336-03D1-42A6-8764-7EF11DBC42E6}.Debug|Any CPU.ActiveCfg = Debug|Win32
		{25945336-03D1-42A6-8764-7EF11DBC42E6}.Debug|Mixed Platforms.ActiveCfg = Debug|Win32
		{25945336-03D1-42A6-8764-7EF11DBC42E6}.Debug|Mixed Platforms.Build.0 = Debug|Win32
		{25945336-03D1-42A6-8764-7EF11DBC42E6}.Debug|Win32.ActiveCfg = Debug|Win32
		{25945336-03D1-42A6-8764-7EF11DBC42E6}.Debug|Win32.Build.0 = Debug|Win32
		{25945336-03D1-42A6-8764-7EF11DBC42E6}.DLL_Release|Any CPU.ActiveCfg = Release|Win32
		{25945336-03D1-42A6-8764-7EF11DBC42E6}.DLL_Release|Mixed Platforms.ActiveCfg = Release|Win32
		{25945336-03D1-42A6-8764-7EF11DBC42E6}.DLL_Release|Win32.ActiveCfg = Release|Win32
		{25945336-03D1-42A6-8764-7EF11DBC42E6}.DLL_Release|Win32.Build.0 = Release|Win32
		{25945336-03D1-42A6-8764-7EF11DBC42E6}.Internal|Any CPU.ActiveCfg = Release|Win32
		{25945336-03D1-42A6-8764-7EF11DBC42E6}.Internal|Mixed Platforms.ActiveCfg = Internal|Win32
		{25945336-03D1-42A6-8764-7EF11DBC42E6}.Internal|Mixed Platforms.Build.0 = Internal|Win32
		{25945336-03D1-42A6-8764-7EF11DBC42E6}.Internal|Win32.ActiveCfg = Release|Win32
		{25945336-03D1-42A6-8764-7EF11DBC42E6}.Internal|Win32.Build.0 = Release|Win32
		{25945336-03D1-42A6-8764-7EF11DBC42E6}.Release|Any CPU.ActiveCfg = Release|Win32
		{25945336-03D1-42A6-8764-7EF11DBC42E6}.Release|Mixed Platforms.ActiveCfg = Release|Win32
		{25945336-03D1-42A6-8764-7EF11DBC42E6}.Release|Mixed Platforms.Build.0 = Release|Win32
		{25945336-03D1-42A6-8764-7EF11DBC42E6}.Release|Win32.ActiveCfg = Release|Win32
		{25945336-03D1-42A6-8764-7EF11DBC42E6}.Release|Win32.Build.0 = Release|Win32
		{EF362EDC-8FFF-400B-A5FF-05A9BC551D65}.DataExporter|Any CPU.ActiveCfg = DataExporter|Win32
		{EF362EDC-8FFF-400B-A5FF-05A9BC551D65}.DataExporter|Mixed Platforms.ActiveCfg = DataExporter|Win32
		{EF362EDC-8FFF-400B-A5FF-05A9BC551D65}.DataExporter|Win32.ActiveCfg = DataExporter|Win32
		{EF362EDC-8FFF-400B-A5FF-05A9BC551D65}.DataExporter|Win32.Build.0 = DataExporter|Win32
		{EF362EDC-8FFF-400B-A5FF-05A9BC551D65}.Debug|Any CPU.ActiveCfg = Debug|Win32
		{EF362EDC-8FFF-400B-A5FF-05A9BC551D65}.Debug|Mixed Platforms.ActiveCfg = Debug|Win32
		{EF362EDC-8FFF-400B-A5FF-05A9BC551D65}.Debug|Mixed Platforms.Build.0 = Debug|Win32
		{EF362EDC-8FFF-400B-A5FF-05A9BC551D65}.Debug|Win32.ActiveCfg = Debug|Win32
		{EF362EDC-8FFF-400B-A5FF-05A9BC551D65}.Debug|Win32.Build.0 = Debug|Win32
		{EF362EDC-8FFF-400B-A5FF-05A9BC551D65}.DLL_Release|Any CPU.ActiveCfg = Release|Win32
		{EF362EDC-8FFF-400B-A5FF-05A9BC551D65}.DLL_Release|Mixed Platforms.ActiveCfg = Release|Win32
		{EF362EDC-8FFF-400B-A5FF-05A9BC551D65}.DLL_Release|Win32.ActiveCfg = Release|Win32
		{EF362EDC-8FFF-400B-A5FF-05A9BC551D65}.DLL_Release|Win32.Build.0 = Release|Win32
		{EF362EDC-8FFF-400B-A5FF-05A9BC551D65}.Internal|Any CPU.ActiveCfg = Release|Win32
		{EF362EDC-8FFF-400B-A5FF-05A9BC551D65}.Internal|Mixed Platforms.ActiveCfg = Internal|Win32
		{EF362EDC-8FFF-400B-A5FF-05A9BC551D65}.Internal|Mixed Platforms.Build.0 = Internal|Win32
		{EF362EDC-8FFF-400B-A5FF-05A9BC551D65}.Internal|Win32.ActiveCfg = Release|Win32
		{EF362EDC-8FFF-400B-A5FF-05A9BC551D65}.Internal|Win32.Build.0 = Release|Win32
		{EF362EDC-8FFF-400B-A5FF-05A9BC551D65}.Release|Any CPU.ActiveCfg = Release|Win32
		{EF362EDC-8FFF-400B-A5FF-05A9BC551D65}.Release|Mixed Platforms.ActiveCfg = Release|Win32
		{EF362EDC-8FFF-400B-A5FF-05A9BC551D65}.Release|Mixed Platforms.Build.0 = Release|Win32
		{EF362EDC-8FFF-400B-A5FF-05A9BC551D65}.Release|Win32.ActiveCfg = Release|Win32
		{EF362EDC-8FFF-400B-A5FF-05A9BC551D65}.Release|Win32.Build.0 = Release|Win32
		{9DD8D699-EDB7-44B3-A0DC-1FA57B81FA7A}.DataExporter|Any CPU.ActiveCfg = DataExporter|Win32
		{9DD8D699-EDB7-44B3-A0DC-1FA57B81FA7A}.DataExporter|Mixed Platforms.ActiveCfg = DataExporter|Win32
		{9DD8D699-EDB7-44B3-A0DC-1FA57B81FA7A}.DataExporter|Win32.ActiveCfg = DataExporter|Win32
		{9DD8D699-EDB7-44B3-A0DC-1FA57B81FA7A}.DataExporter|Win32.Build.0 = DataExporter|Win32
		{9DD8D699-EDB7-44B3-A0DC-1FA57B81FA7A}.Debug|Any CPU.ActiveCfg = Debug|Win32
		{9DD8D699-EDB7-44B3-A0DC-1FA57B81FA7A}.Debug|Mixed Platforms.ActiveCfg = Debug|Win32
		{9DD8D699-EDB7-44B3-A0DC-1FA57B81FA7A}.Debug|Mixed Platforms.Build.0 = Debug|Win32
		{9DD8D699-EDB7-44B3-A0DC-1FA57B81FA7A}.Debug|Win32.ActiveCfg = Debug|Win32
		{9DD8D699-EDB7-44B3-A0DC-1FA57B81FA7A}.Debug|Win32.Build.0 = Debug|Win32
		{9DD8D699-EDB7-44B3-A0DC-1FA57B81FA7A}.DLL_Release|Any CPU.ActiveCfg = Release|Win32
		{9DD8D699-EDB7-44B3-A0DC-1FA57B81FA7A}.DLL_Release|Mixed Platforms.ActiveCfg = Release|Win32
		{9DD8D699-EDB7-44B3-A0DC-1FA57B81FA7A}.DLL_Release|Win32.ActiveCfg = Release|Win32
		{9DD8D699-EDB7-44B3-A0DC-1FA57B81FA7A}.DLL_Release|Win32.Build.0 = Release|Win32
		{9DD8D699-EDB7-44B3-A0DC-1FA57B81FA7A}.Internal|Any CPU.ActiveCfg = Release|Win32
		{9DD8D699-EDB7-44B3-A0DC-1FA57B81FA7A}.Internal|Mixed Platforms.ActiveCfg = Internal|Win32
		{9DD8D699-EDB7-44B3-A0DC-1FA57B81FA7A}.Internal|Mixed Platforms.Build.0 = Internal|Win32
		{9DD8D699-EDB7-44B3-A0DC-1FA57B81FA7A}.Internal|Win32.ActiveCfg = Release|Win32
		{9DD8D699-EDB7-44B3-A0DC-1FA57B81FA7A}.Internal|Win32.Build.0 = Release|Win32
		{9DD8D699-EDB7-44B3-A0DC-1FA57B81FA7A}.Release|Any CPU.ActiveCfg = Release|Win32
		{9DD8D699-EDB7-44B3-A0DC-1FA57B81FA7A}.Release|Mixed Platforms.ActiveCfg = Release|Win32
		{9DD8D699-EDB7-44B3-A0DC-1FA57B81FA7A}.Release|Mixed Platforms.Build.0 = Release|Win32
		{9DD8D699-EDB7-44B3-A0DC-1FA57B81FA7A}.Release|Win32.ActiveCfg = Release|Win32
		{9DD8D699-EDB7-44B3-A0DC-1FA57B81FA7A}.Release|Win32.Build.0 = Release|Win32
		{F9457655-C0BD-4C0F-A7F9-1197DA5C5C6A}.DataExporter|Any CPU.ActiveCfg = DataExporter|Win32
		{F9457655-C0BD-4C0F-A7F9-1197DA5C5C6A}.DataExporter|Mixed Platforms.ActiveCfg = DataExporter|Win32
		{F9457655-C0BD-4C0F-A7F9-1197DA5C5C6A}.DataExporter|Win32.ActiveCfg = DataExporter|Win32
		{F9457655-C0BD-4C0F-A7F9-1197DA5C5C6A}.DataExporter|Win32.Build.0 = DataExporter|Win32
		{F9457655-C0BD-4C0F-A7F9-1197DA5C5C6A}.Debug|Any CPU.ActiveCfg = Debug|Win32
		{F9457655-C0BD-4C0F-A7F9-1197DA5C5C6A}.Debug|Mixed Platforms.ActiveCfg = Debug|Win32
		{F9457655-C0BD-4C0F-A7F9-1197DA5C5C6A}.Debug|Mixed Platforms.Build.0 = Debug|Win32
		{F9457655-C0BD-4C0F-A7F9-1197DA5C5C6A}.Debug|Win32.ActiveCfg = Debug|Win32
		{F9457655-C0BD-4C0F-A7F9-1197DA5C5C6A}.Debug|Win32.Build.0 = Debug|Win32
		{F9457655-C0BD-4C0F-A7F9-1197DA5C5C6A}.DLL_Release|Any CPU.ActiveCfg = Release|Win32
		{F9457655-C0BD-4C0F-A7F9-1197DA5C5C6A}.DLL_Release|Mixed Platforms.ActiveCfg = DLL_Release|Win32
		{F9457655-C0BD-4C0F-A7F9-1197DA5C5C6A}.DLL_Release|Mixed Platforms.Build.0 = DLL_Release|Win32
		{F9457655-C0BD-4C0F-A7F9-1197DA5C5C6A}.DLL_Release|Win32.ActiveCfg = Release|Win32
		{F9457655-C0BD-4C0F-A7F9-1197DA5C5C6A}.DLL_Release|Win32.Build.0 = Release|Win32
		{F9457655-C0BD-4C0F-A7F9-1197DA5C5C6A}.Internal|Any CPU.ActiveCfg = Release|Win32
		{F9457655-C0BD-4C0F-A7F9-1197DA5C5C6A}.Internal|Mixed Platforms.ActiveCfg = Internal|Win32
		{F9457655-C0BD-4C0F-A7F9-1197DA5C5C6A}.Internal|Mixed Platforms.Build.0 = Internal|Win32
		{F9457655-C0BD-4C0F-A7F9-1197DA5C5C6A}.Internal|Win32.ActiveCfg = Release|Win32
		{F9457655-C0BD-4C0F-A7F9-1197DA5C5C6A}.Internal|Win32.Build.0 = Release|Win32
		{F9457655-C0BD-4C0F-A7F9-1197DA5C5C6A}.Release|Any CPU.ActiveCfg = Release|Win32
		{F9457655-C0BD-4C0F-A7F9-1197DA5C5C6A}.Release|Mixed Platforms.ActiveCfg = Release|Win32
		{F9457655-C0BD-4C0F-A7F9-1197DA5C5C6A}.Release|Mixed Platforms.Build.0 = Release|Win32
		{F9457655-C0BD-4C0F-A7F9-1197DA5C5C6A}.Release|Win32.ActiveCfg = Release|Win32
		{F9457655-C0BD-4C0F-A7F9-1197DA5C5C6A}.Release|Win32.Build.0 = Release|Win32
		{1C904C93-25EC-4BF5-AEFC-F324A26F2122}.DataExporter|Any CPU.ActiveCfg = DataExporter|Win32
		{1C904C93-25EC-4BF5-AEFC-F324A26F2122}.DataExporter|Mixed Platforms.ActiveCfg = DataExporter|Win32
		{1C904C93-25EC-4BF5-AEFC-F324A26F2122}.DataExporter|Win32.ActiveCfg = DataExporter|Win32
		{1C904C93-25EC-4BF5-AEFC-F324A26F2122}.DataExporter|Win32.Build.0 = DataExporter|Win32
		{1C904C93-25EC-4BF5-AEFC-F324A26F2122}.Debug|Any CPU.ActiveCfg = Debug|Win32
		{1C904C93-25EC-4BF5-AEFC-F324A26F2122}.Debug|Mixed Platforms.ActiveCfg = Debug|Win32
		{1C904C93-25EC-4BF5-AEFC-F324A26F2122}.Debug|Mixed Platforms.Build.0 = Debug|Win32
		{1C904C93-25EC-4BF5-AEFC-F324A26F2122}.Debug|Win32.ActiveCfg = Debug|Win32
		{1C904C93-25EC-4BF5-AEFC-F324A26F2122}.Debug|Win32.Build.0 = Debug|Win32
		{1C904C93-25EC-4BF5-AEFC-F324A26F2122}.DLL_Release|Any CPU.ActiveCfg = Release|Win32
		{1C904C93-25EC-4BF5-AEFC-F324A26F2122}.DLL_Release|Mixed Platforms.ActiveCfg = Release|Win32
		{1C904C93-25EC-4BF5-AEFC-F324A26F2122}.DLL_Release|Win32.ActiveCfg = Release|Win32
		{1C904C93-25EC-4BF5-AEFC-F324A26F2122}.DLL_Release|Win32.Build.0 = Release|Win32
		{1C904C93-25EC-4BF5-AEFC-F324A26F2122}.Internal|Any CPU.ActiveCfg = Release|Win32
		{1C904C93-25EC-4BF5-AEFC-F324A26F2122}.Internal|Mixed Platforms.ActiveCfg = Internal|Win32
		{1C904C93-25EC-4BF5-AEFC-F324A26F2122}.Internal|Mixed Platforms.Build.0 = Internal|Win32
		{1C904C93-25EC-4BF5-AEFC-F324A26F2122}.Internal|Win32.ActiveCfg = Release|Win32
		{1C904C93-25EC-4BF5-AEFC-F324A26F2122}.Internal|Win32.Build.0 = Release|Win32
		{1C904C93-25EC-4BF5-AEFC-F324A26F2122}.Release|Any CPU.ActiveCfg = Release|Win32
		{1C904C93-25EC-4BF5-AEFC-F324A26F2122}.Release|Mixed Platforms.ActiveCfg = Release|Win32
		{1C904C93-25EC-4BF5-AEFC-F324A26F2122}.Release|Mixed Platforms.Build.0 = Release|Win32
		{1C904C93-25EC-4BF5-AEFC-F324A26F2122}.Release|Win32.ActiveCfg = Release|Win32
		{1C904C93-25EC-4BF5-AEFC-F324A26F2122}.Release|Win32.Build.0 = Release|Win32
		{BEDE80BE-C4C8-4F8C-8632-51C0908BFA5E}.DataExporter|Any CPU.ActiveCfg = DataExporter|Win32
		{BEDE80BE-C4C8-4F8C-8632-51C0908BFA5E}.DataExporter|Mixed Platforms.ActiveCfg = DataExporter|Win32
		{BEDE80BE-C4C8-4F8C-8632-51C0908BFA5E}.DataExporter|Win32.ActiveCfg = DataExporter|Win32
		{BEDE80BE-C4C8-4F8C-8632-51C0908BFA5E}.DataExporter|Win32.Build.0 = DataExporter|Win32
		{BEDE80BE-C4C8-4F8C-8632-51C0908BFA5E}.Debug|Any CPU.ActiveCfg = Debug|Win32
		{BEDE80BE-C4C8-4F8C-8632-51C0908BFA5E}.Debug|Mixed Platforms.ActiveCfg = Debug|Win32
		{BEDE80BE-C4C8-4F8C-8632-51C0908BFA5E}.Debug|Mixed Platforms.Build.0 = Debug|Win32
		{BEDE80BE-C4C8-4F8C-8632-51C0908BFA5E}.Debug|Win32.ActiveCfg = Debug|Win32
		{BEDE80BE-C4C8-4F8C-8632-51C0908BFA5E}.Debug|Win32.Build.0 = Debug|Win32
		{BEDE80BE-C4C8-4F8C-8632-51C0908BFA5E}.DLL_Release|Any CPU.ActiveCfg = Release|Win32
		{BEDE80BE-C4C8-4F8C-8632-51C0908BFA5E}.DLL_Release|Mixed Platforms.ActiveCfg = Release|Win32
		{BEDE80BE-C4C8-4F8C-8632-51C0908BFA5E}.DLL_Release|Win32.ActiveCfg = Release|Win32
		{BEDE80BE-C4C8-4F8C-8632-51C0908BFA5E}.DLL_Release|Win32.Build.0 = Release|Win32
		{BEDE80BE-C4C8-4F8C-8632-51C0908BFA5E}.Internal|Any CPU.ActiveCfg = Release|Win32
		{BEDE80BE-C4C8-4F8C-8632-51C0908BFA5E}.Internal|Mixed Platforms.ActiveCfg = Internal|Win32
		{BEDE80BE-C4C8-4F8C-8632-51C0908BFA5E}.Internal|Mixed Platforms.Build.0 = Internal|Win32
		{BEDE80BE-C4C8-4F8C-8632-51C0908BFA5E}.Internal|Win32.ActiveCfg = Release|Win32
		{BEDE80BE-C4C8-4F8C-8632-51C0908BFA5E}.Internal|Win32.Build.0 = Release|Win32
		{BEDE80BE-C4C8-4F8C-8632-51C0908BFA5E}.Release|Any CPU.ActiveCfg = Release|Win32
		{BEDE80BE-C4C8-4F8C-8632-51C0908BFA5E}.Release|Mixed Platforms.ActiveCfg = Release|Win32
		{BEDE80BE-C4C8-4F8C-8632-51C0908BFA5E}.Release|Mixed Platforms.Build.0 = Release|Win32
		{BEDE80BE-C4C8-4F8C-8632-51C0908BFA5E}.Release|Win32.ActiveCfg = Release|Win32
		{BEDE80BE-C4C8-4F8C-8632-51C0908BFA5E}.Release|Win32.Build.0 = Release|Win32
		{70428136-2CBA-440D-BC14-1E5EFC7C52FE}.DataExporter|Any CPU.ActiveCfg = DataExporter|Win32
		{70428136-2CBA-440D-BC14-1E5EFC7C52FE}.DataExporter|Mixed Platforms.ActiveCfg = DataExporter|Win32
		{70428136-2CBA-440D-BC14-1E5EFC7C52FE}.DataExporter|Mixed Platforms.Build.0 = DataExporter|Win32
		{70428136-2CBA-440D-BC14-1E5EFC7C52FE}.DataExporter|Win32.ActiveCfg = DataExporter|Win32
		{70428136-2CBA-440D-BC14-1E5EFC7C52FE}.DataExporter|Win32.Build.0 = DataExporter|Win32
		{70428136-2CBA-440D-BC14-1E5EFC7C52FE}.Debug|Any CPU.ActiveCfg = Debug|Win32
		{70428136-2CBA-440D-BC14-1E5EFC7C52FE}.Debug|Mixed Platforms.ActiveCfg = Debug|Win32
		{70428136-2CBA-440D-BC14-1E5EFC7C52FE}.Debug|Win32.ActiveCfg = Debug|Win32
		{70428136-2CBA-440D-BC14-1E5EFC7C52FE}.Debug|Win32.Build.0 = Debug|Win32
		{70428136-2CBA-440D-BC14-1E5EFC7C52FE}.DLL_Release|Any CPU.ActiveCfg = Release|Win32
		{70428136-2CBA-440D-BC14-1E5EFC7C52FE}.DLL_Release|Mixed Platforms.ActiveCfg = Release|Win32
		{70428136-2CBA-440D-BC14-1E5EFC7C52FE}.DLL_Release|Win32.ActiveCfg = Release|Win32
		{70428136-2CBA-440D-BC14-1E5EFC7C52FE}.DLL_Release|Win32.Build.0 = Release|Win32
		{70428136-2CBA-440D-BC14-1E5EFC7C52FE}.Internal|Any CPU.ActiveCfg = Release|Win32
		{70428136-2CBA-440D-BC14-1E5EFC7C52FE}.Internal|Mixed Platforms.ActiveCfg = Release|Win32
		{70428136-2CBA-440D-BC14-1E5EFC7C52FE}.Internal|Win32.ActiveCfg = Release|Win32
		{70428136-2CBA-440D-BC14-1E5EFC7C52FE}.Internal|Win32.Build.0 = Release|Win32
		{70428136-2CBA-440D-BC14-1E5EFC7C52FE}.Release|Any CPU.ActiveCfg = Release|Win32
		{70428136-2CBA-440D-BC14-1E5EFC7C52FE}.Release|Mixed Platforms.ActiveCfg = Release|Win32
		{70428136-2CBA-440D-BC14-1E5EFC7C52FE}.Release|Win32.ActiveCfg = Release|Win32
		{70428136-2CBA-440D-BC14-1E5EFC7C52FE}.Release|Win32.Build.0 = Release|Win32
		{FE6819DB-1A2C-4356-9427-38D240981775}.DataExporter|Any CPU.ActiveCfg = Debug|Win32
		{FE6819DB-1A2C-4356-9427-38D240981775}.DataExporter|Mixed Platforms.ActiveCfg = Debug|Win32
		{FE6819DB-1A2C-4356-9427-38D240981775}.DataExporter|Win32.ActiveCfg = Debug|Win32
		{FE6819DB-1A2C-4356-9427-38D240981775}.DataExporter|Win32.Build.0 = Debug|Win32
		{FE6819DB-1A2C-4356-9427-38D240981775}.Debug|Any CPU.ActiveCfg = Debug|Win32
		{FE6819DB-1A2C-4356-9427-38D240981775}.Debug|Mixed Platforms.ActiveCfg = Debug|Win32
		{FE6819DB-1A2C-4356-9427-38D240981775}.Debug|Mixed Platforms.Build.0 = Debug|Win32
		{FE6819DB-1A2C-4356-9427-38D240981775}.Debug|Win32.ActiveCfg = Debug|Win32
		{FE6819DB-1A2C-4356-9427-38D240981775}.Debug|Win32.Build.0 = Debug|Win32
		{FE6819DB-1A2C-4356-9427-38D240981775}.DLL_Release|Any CPU.ActiveCfg = Release|Win32
		{FE6819DB-1A2C-4356-9427-38D240981775}.DLL_Release|Mixed Platforms.ActiveCfg = Release|Win32
		{FE6819DB-1A2C-4356-9427-38D240981775}.DLL_Release|Win32.ActiveCfg = Release|Win32
		{FE6819DB-1A2C-4356-9427-38D240981775}.DLL_Release|Win32.Build.0 = Release|Win32
		{FE6819DB-1A2C-4356-9427-38D240981775}.Internal|Any CPU.ActiveCfg = Release|Win32
		{FE6819DB-1A2C-4356-9427-38D240981775}.Internal|Mixed Platforms.ActiveCfg = Release|Win32
		{FE6819DB-1A2C-4356-9427-38D240981775}.Internal|Mixed Platforms.Build.0 = Release|Win32
		{FE6819DB-1A2C-4356-9427-38D240981775}.Internal|Win32.ActiveCfg = Release|Win32
		{FE6819DB-1A2C-4356-9427-38D240981775}.Internal|Win32.Build.0 = Release|Win32
		{FE6819DB-1A2C-4356-9427-38D240981775}.Release|Any CPU.ActiveCfg = Release|Win32
		{FE6819DB-1A2C-4356-9427-38D240981775}.Release|Mixed Platforms.ActiveCfg = Release|Win32
		{FE6819DB-1A2C-4356-9427-38D240981775}.Release|Mixed Platforms.Build.0 = Release|Win32
		{FE6819DB-1A2C-4356-9427-38D240981775}.Release|Win32.ActiveCfg = Release|Win32
		{FE6819DB-1A2C-4356-9427-38D240981775}.Release|Win32.Build.0 = Release|Win32
		{8F1EDD17-BC16-4B0E-9260-DC476AC33536}.DataExporter|Any CPU.ActiveCfg = Debug|Win32
		{8F1EDD17-BC16-4B0E-9260-DC476AC33536}.DataExporter|Mixed Platforms.ActiveCfg = Debug|Win32
		{8F1EDD17-BC16-4B0E-9260-DC476AC33536}.DataExporter|Win32.ActiveCfg = Debug|Win32
		{8F1EDD17-BC16-4B0E-9260-DC476AC33536}.DataExporter|Win32.Build.0 = Debug|Win32
		{8F1EDD17-BC16-4B0E-9260-DC476AC33536}.Debug|Any CPU.ActiveCfg = Debug|Win32
		{8F1EDD17-BC16-4B0E-9260-DC476AC33536}.Debug|Mixed Platforms.ActiveCfg = Debug|Win32
		{8F1EDD17-BC16-4B0E-9260-DC476AC33536}.Debug|Mixed Platforms.Build.0 = Debug|Win32
		{8F1EDD17-BC16-4B0E-9260-DC476AC33536}.Debug|Win32.ActiveCfg = Debug|Win32
		{8F1EDD17-BC16-4B0E-9260-DC476AC33536}.Debug|Win32.Build.0 = Debug|Win32
		{8F1EDD17-BC16-4B0E-9260-DC476AC33536}.DLL_Release|Any CPU.ActiveCfg = Release|Win32
		{8F1EDD17-BC16-4B0E-9260-DC476AC33536}.DLL_Release|Mixed Platforms.ActiveCfg = Release|Win32
		{8F1EDD17-BC16-4B0E-9260-DC476AC33536}.DLL_Release|Win32.ActiveCfg = Release|Win32
		{8F1EDD17-BC16-4B0E-9260-DC476AC33536}.DLL_Release|Win32.Build.0 = Release|Win32
		{8F1EDD17-BC16-4B0E-9260-DC476AC33536}.Internal|Any CPU.ActiveCfg = Release|Win32
		{8F1EDD17-BC16-4B0E-9260-DC476AC33536}.Internal|Mixed Platforms.ActiveCfg = Release|Win32
		{8F1EDD17-BC16-4B0E-9260-DC476AC33536}.Internal|Mixed Platforms.Build.0 = Release|Win32
		{8F1EDD17-BC16-4B0E-9260-DC476AC33536}.Internal|Win32.ActiveCfg = Release|Win32
		{8F1EDD17-BC16-4B0E-9260-DC476AC33536}.Internal|Win32.Build.0 = Release|Win32
		{8F1EDD17-BC16-4B0E-9260-DC476AC33536}.Release|Any CPU.ActiveCfg = Release|Win32
		{8F1EDD17-BC16-4B0E-9260-DC476AC33536}.Release|Mixed Platforms.ActiveCfg = Release|Win32
		{8F1EDD17-BC16-4B0E-9260-DC476AC33536}.Release|Mixed Platforms.Build.0 = Release|Win32
		{8F1EDD17-BC16-4B0E-9260-DC476AC33536}.Release|Win32.ActiveCfg = Release|Win32
		{8F1EDD17-BC16-4B0E-9260-DC476AC33536}.Release|Win32.Build.0 = Release|Win32
		{859757CC-39F4-405B-8E3F-8028DE4B1FD6}.DataExporter|Any CPU.ActiveCfg = Debug|Win32
		{859757CC-39F4-405B-8E3F-8028DE4B1FD6}.DataExporter|Mixed Platforms.ActiveCfg = Debug|Win32
		{859757CC-39F4-405B-8E3F-8028DE4B1FD6}.DataExporter|Win32.ActiveCfg = Debug|Win32
		{859757CC-39F4-405B-8E3F-8028DE4B1FD6}.DataExporter|Win32.Build.0 = Debug|Win32
		{859757CC-39F4-405B-8E3F-8028DE4B1FD6}.Debug|Any CPU.ActiveCfg = Debug|Win32
		{859757CC-39F4-405B-8E3F-8028DE4B1FD6}.Debug|Mixed Platforms.ActiveCfg = Debug|Win32
		{859757CC-39F4-405B-8E3F-8028DE4B1FD6}.Debug|Mixed Platforms.Build.0 = Debug|Win32
		{859757CC-39F4-405B-8E3F-8028DE4B1FD6}.Debug|Win32.ActiveCfg = Debug|Win32
		{859757CC-39F4-405B-8E3F-8028DE4B1FD6}.Debug|Win32.Build.0 = Debug|Win32
		{859757CC-39F4-405B-8E3F-8028DE4B1FD6}.DLL_Release|Any CPU.ActiveCfg = Release|Win32
		{859757CC-39F4-405B-8E3F-8028DE4B1FD6}.DLL_Release|Mixed Platforms.ActiveCfg = Release|Win32
		{859757CC-39F4-405B-8E3F-8028DE4B1FD6}.DLL_Release|Win32.ActiveCfg = Release|Win32
		{859757CC-39F4-405B-8E3F-8028DE4B1FD6}.DLL_Release|Win32.Build.0 = Release|Win32
		{859757CC-39F4-405B-8E3F-8028DE4B1FD6}.Internal|Any CPU.ActiveCfg = Release|Win32
		{859757CC-39F4-405B-8E3F-8028DE4B1FD6}.Internal|Mixed Platforms.ActiveCfg = Release|Win32
		{859757CC-39F4-405B-8E3F-8028DE4B1FD6}.Internal|Mixed Platforms.Build.0 = Release|Win32
		{859757CC-39F4-405B-8E3F-8028DE4B1FD6}.Internal|Win32.ActiveCfg = Release|Win32
		{859757CC-39F4-405B-8E3F-8028DE4B1FD6}.Internal|Win32.Build.0 = Release|Win32
		{859757CC-39F4-405B-8E3F-8028DE4B1FD6}.Release|Any CPU.ActiveCfg = Release|Win32
		{859757CC-39F4-405B-8E3F-8028DE4B1FD6}.Release|Mixed Platforms.ActiveCfg = Release|Win32
		{859757CC-39F4-405B-8E3F-8028DE4B1FD6}.Release|Mixed Platforms.Build.0 = Release|Win32
		{859757CC-39F4-405B-8E3F-8028DE4B1FD6}.Release|Win32.ActiveCfg = Release|Win32
		{859757CC-39F4-405B-8E3F-8028DE4B1FD6}.Release|Win32.Build.0 = Release|Win32
		{E907E38A-6EF7-4CB7-BEC4-7076444557BD}.DataExporter|Any CPU.ActiveCfg = Debug|Win32
		{E907E38A-6EF7-4CB7-BEC4-7076444557BD}.DataExporter|Mixed Platforms.ActiveCfg = Debug|Win32
		{E907E38A-6EF7-4CB7-BEC4-7076444557BD}.DataExporter|Win32.ActiveCfg = Debug|Win32
		{E907E38A-6EF7-4CB7-BEC4-7076444557BD}.DataExporter|Win32.Build.0 = Debug|Win32
		{E907E38A-6EF7-4CB7-BEC4-7076444557BD}.Debug|Any CPU.ActiveCfg = Debug|Win32
		{E907E38A-6EF7-4CB7-BEC4-7076444557BD}.Debug|Mixed Platforms.ActiveCfg = Debug|Win32
		{E907E38A-6EF7-4CB7-BEC4-7076444557BD}.Debug|Mixed Platforms.Build.0 = Debug|Win32
		{E907E38A-6EF7-4CB7-BEC4-7076444557BD}.Debug|Win32.ActiveCfg = Debug|Win32
		{E907E38A-6EF7-4CB7-BEC4-7076444557BD}.Debug|Win32.Build.0 = Debug|Win32
		{E907E38A-6EF7-4CB7-BEC4-7076444557BD}.DLL_Release|Any CPU.ActiveCfg = Release|Win32
		{E907E38A-6EF7-4CB7-BEC4-7076444557BD}.DLL_Release|Mixed Platforms.ActiveCfg = Release|Win32
		{E907E38A-6EF7-4CB7-BEC4-7076444557BD}.DLL_Release|Win32.ActiveCfg = Release|Win32
		{E907E38A-6EF7-4CB7-BEC4-7076444557BD}.DLL_Release|Win32.Build.0 = Release|Win32
		{E907E38A-6EF7-4CB7-BEC4-7076444557BD}.Internal|Any CPU.ActiveCfg = Release|Win32
		{E907E38A-6EF7-4CB7-BEC4-7076444557BD}.Internal|Mixed Platforms.ActiveCfg = Release|Win32
		{E907E38A-6EF7-4CB7-BEC4-7076444557BD}.Internal|Mixed Platforms.Build.0 = Release|Win32
		{E907E38A-6EF7-4CB7-BEC4-7076444557BD}.Internal|Win32.ActiveCfg = Release|Win32
		{E907E38A-6EF7-4CB7-BEC4-7076444557BD}.Internal|Win32.Build.0 = Release|Win32
		{E907E38A-6EF7-4CB7-BEC4-7076444557BD}.Release|Any CPU.ActiveCfg = Release|Win32
		{E907E38A-6EF7-4CB7-BEC4-7076444557BD}.Release|Mixed Platforms.ActiveCfg = Release|Win32
		{E907E38A-6EF7-4CB7-BEC4-7076444557BD}.Release|Mixed Platforms.Build.0 = Release|Win32
		{E907E38A-6EF7-4CB7-BEC4-7076444557BD}.Release|Win32.ActiveCfg = Release|Win32
		{E907E38A-6EF7-4CB7-BEC4-7076444557BD}.Release|Win32.Build.0 = Release|Win32
		{269B4029-985D-43A9-AD41-903389C1070D}.DataExporter|Any CPU.ActiveCfg = Debug|Win32
		{269B4029-985D-43A9-AD41-903389C1070D}.DataExporter|Mixed Platforms.ActiveCfg = Debug|Win32
		{269B4029-985D-43A9-AD41-903389C1070D}.DataExporter|Mixed Platforms.Build.0 = Debug|Win32
		{269B4029-985D-43A9-AD41-903389C1070D}.DataExporter|Win32.ActiveCfg = Debug|Win32
		{269B4029-985D-43A9-AD41-903389C1070D}.DataExporter|Win32.Build.0 = Debug|Win32
		{269B4029-985D-43A9-AD41-903389C1070D}.Debug|Any CPU.ActiveCfg = Debug|Win32
		{269B4029-985D-43A9-AD41-903389C1070D}.Debug|Mixed Platforms.ActiveCfg = Debug|Win32
		{269B4029-985D-43A9-AD41-903389C1070D}.Debug|Mixed Platforms.Build.0 = Debug|Win32
		{269B4029-985D-43A9-AD41-903389C1070D}.Debug|Win32.ActiveCfg = Debug|Win32
		{269B4029-985D-43A9-AD41-903389C1070D}.Debug|Win32.Build.0 = Debug|Win32
		{269B4029-985D-43A9-AD41-903389C1070D}.DLL_Release|Any CPU.ActiveCfg = Release|Win32
		{269B4029-985D-43A9-AD41-903389C1070D}.DLL_Release|Mixed Platforms.ActiveCfg = Release|Win32
		{269B4029-985D-43A9-AD41-903389C1070D}.DLL_Release|Mixed Platforms.Build.0 = Release|Win32
		{269B4029-985D-43A9-AD41-903389C1070D}.DLL_Release|Win32.ActiveCfg = Release|Win32
		{269B4029-985D-43A9-AD41-903389C1070D}.DLL_Release|Win32.Build.0 = Release|Win32
		{269B4029-985D-43A9-AD41-903389C1070D}.Internal|Any CPU.ActiveCfg = Release|Win32
		{269B4029-985D-43A9-AD41-903389C1070D}.Internal|Mixed Platforms.ActiveCfg = Release|Win32
		{269B4029-985D-43A9-AD41-903389C1070D}.Internal|Mixed Platforms.Build.0 = Release|Win32
		{269B4029-985D-43A9-AD41-903389C1070D}.Internal|Win32.ActiveCfg = Release|Win32
		{269B4029-985D-43A9-AD41-903389C1070D}.Internal|Win32.Build.0 = Release|Win32
		{269B4029-985D-43A9-AD41-903389C1070D}.Release|Any CPU.ActiveCfg = Release|Win32
		{269B4029-985D-43A9-AD41-903389C1070D}.Release|Mixed Platforms.ActiveCfg = Release|Win32
		{269B4029-985D-43A9-AD41-903389C1070D}.Release|Mixed Platforms.Build.0 = Release|Win32
		{269B4029-985D-43A9-AD41-903389C1070D}.Release|Win32.ActiveCfg = Release|Win32
		{269B4029-985D-43A9-AD41-903389C1070D}.Release|Win32.Build.0 = Release|Win32
	EndGlobalSection
	GlobalSection(SolutionProperties) = preSolution
		HideSolutionNode = FALSE
	EndGlobalSection
	GlobalSection(NestedProjects) = preSolution
		{7F3313DC-157F-4FD3-81F1-F918848BBCEE} = {A42B5024-35AC-485D-928D-CF64070FB66E}
		{56E2C751-A07C-49D7-9073-839A5D0A71D2} = {586C4FF3-6E8D-44BD-A39C-C042BDD2E0E4}
		{CF69D483-5BF1-4673-99E2-C04B953CA73C} = {59FB0E8E-C46D-48B0-B034-9F356A16CC06}
		{79D52050-1454-49C9-9186-AB74C959970E} = {59FB0E8E-C46D-48B0-B034-9F356A16CC06}
		{E6BD4153-64BE-4109-8D3C-724BAADAB8AF} = {59FB0E8E-C46D-48B0-B034-9F356A16CC06}
		{62C9B6F1-E90E-49C7-B0C6-3809FCA2065D} = {59FB0E8E-C46D-48B0-B034-9F356A16CC06}
		{A6FF485B-C021-486E-BEA3-2CB4E4CBB0A1} = {A42B5024-35AC-485D-928D-CF64070FB66E}
		{040C55CC-94AC-4543-A75B-B121AC5AF085} = {FEA20E07-9F6B-49EF-962C-9CDA547E8968}
		{B5915C8F-2AEF-4137-BCBE-152F819860CD} = {586C4FF3-6E8D-44BD-A39C-C042BDD2E0E4}
		{4A98CE31-948D-48D1-8DD8-F6828590FC65} = {A42B5024-35AC-485D-928D-CF64070FB66E}
		{17CEF55E-6AEE-4487-AD02-5940167C2FD0} = {FEA20E07-9F6B-49EF-962C-9CDA547E8968}
		{25945336-03D1-42A6-8764-7EF11DBC42E6} = {59FB0E8E-C46D-48B0-B034-9F356A16CC06}
		{EF362EDC-8FFF-400B-A5FF-05A9BC551D65} = {59FB0E8E-C46D-48B0-B034-9F356A16CC06}
		{9DD8D699-EDB7-44B3-A0DC-1FA57B81FA7A} = {FEA20E07-9F6B-49EF-962C-9CDA547E8968}
		{F9457655-C0BD-4C0F-A7F9-1197DA5C5C6A} = {59FB0E8E-C46D-48B0-B034-9F356A16CC06}
		{1C904C93-25EC-4BF5-AEFC-F324A26F2122} = {59FB0E8E-C46D-48B0-B034-9F356A16CC06}
		{BEDE80BE-C4C8-4F8C-8632-51C0908BFA5E} = {59FB0E8E-C46D-48B0-B034-9F356A16CC06}
		{70428136-2CBA-440D-BC14-1E5EFC7C52FE} = {A42B5024-35AC-485D-928D-CF64070FB66E}
		{FE6819DB-1A2C-4356-9427-38D240981775} = {A42B5024-35AC-485D-928D-CF64070FB66E}
		{8F1EDD17-BC16-4B0E-9260-DC476AC33536} = {FEA20E07-9F6B-49EF-962C-9CDA547E8968}
		{859757CC-39F4-405B-8E3F-8028DE4B1FD6} = {FEA20E07-9F6B-49EF-962C-9CDA547E8968}
		{E907E38A-6EF7-4CB7-BEC4-7076444557BD} = {586C4FF3-6E8D-44BD-A39C-C042BDD2E0E4}
		{269B4029-985D-43A9-AD41-903389C1070D} = {586C4FF3-6E8D-44BD-A39C-C042BDD2E0E4}
	EndGlobalSection
EndGlobal
