<?xml version="1.0" encoding="utf-8"?>
<Project ToolsVersion="4.0" xmlns="http://schemas.microsoft.com/developer/msbuild/2003">
  <ItemGroup>
    <ClCompile Include="stdafx.cpp">
      <Filter>PreCompile</Filter>
    </ClCompile>
    <ClCompile Include="InGameState.cpp">
      <Filter>StateStack</Filter>
    </ClCompile>
    <ClCompile Include="ScriptInterface.cpp" />
    <ClCompile Include="ConsoleState.cpp">
      <Filter>StateStack</Filter>
    </ClCompile>
    <ClCompile Include="Console.cpp">
      <Filter>Console</Filter>
    </ClCompile>
    <ClCompile Include="ConsoleBackspace.cpp">
      <Filter>Console</Filter>
    </ClCompile>
    <ClCompile Include="ConsoleHistoryManager.cpp">
      <Filter>Console</Filter>
    </ClCompile>
    <ClCompile Include="ConsoleHelp.cpp">
      <Filter>Console</Filter>
    </ClCompile>
    <ClCompile Include="EmitterManager.cpp">
      <Filter>Managers</Filter>
    </ClCompile>
    <ClCompile Include="ClientNetworkManager.cpp">
      <Filter>Network</Filter>
    </ClCompile>
    <ClCompile Include="ClientGame.cpp" />
    <ClCompile Include="StateStack.cpp">
      <Filter>StateStack</Filter>
    </ClCompile>
    <ClCompile Include="StateStackProxy.cpp">
      <Filter>StateStack</Filter>
    </ClCompile>
    <ClCompile Include="ClientLevel.cpp">
      <Filter>Level</Filter>
    </ClCompile>
    <ClCompile Include="ClientLevelFactory.cpp">
      <Filter>Level\Factory</Filter>
    </ClCompile>
    <ClCompile Include="ServerSelectState.cpp">
      <Filter>StateStack</Filter>
    </ClCompile>
    <ClCompile Include="LobbyState.cpp">
      <Filter>StateStack</Filter>
    </ClCompile>
    <ClCompile Include="ClientProjectileManager.cpp" />
    <ClCompile Include="ClientUnitManager.cpp" />
  </ItemGroup>
  <ItemGroup>
    <ClInclude Include="stdafx.h">
      <Filter>PreCompile</Filter>
    </ClInclude>
    <ClInclude Include="GameState.h">
      <Filter>StateStack</Filter>
    </ClInclude>
    <ClInclude Include="InGameState.h">
      <Filter>StateStack</Filter>
    </ClInclude>
    <ClInclude Include="StateEnums.h">
      <Filter>StateStack</Filter>
    </ClInclude>
    <ClInclude Include="ScriptInterface.h" />
    <ClInclude Include="ConsoleState.h">
      <Filter>StateStack</Filter>
    </ClInclude>
    <ClInclude Include="Console.h">
      <Filter>Console</Filter>
    </ClInclude>
    <ClInclude Include="ConsoleBackspace.h">
      <Filter>Console</Filter>
    </ClInclude>
    <ClInclude Include="ConsoleHistoryManager.h">
      <Filter>Console</Filter>
    </ClInclude>
    <ClInclude Include="ConsoleHelp.h">
      <Filter>Console</Filter>
    </ClInclude>
    <ClInclude Include="EmitterManager.h">
      <Filter>Managers</Filter>
    </ClInclude>
    <ClInclude Include="ClientNetworkManager.h">
      <Filter>Network</Filter>
    </ClInclude>
    <ClInclude Include="ClientGame.h" />
    <ClInclude Include="StateStack.h">
      <Filter>StateStack</Filter>
    </ClInclude>
    <ClInclude Include="StateStackProxy.h">
      <Filter>StateStack</Filter>
    </ClInclude>
    <ClInclude Include="ClientLevel.h">
      <Filter>Level</Filter>
    </ClInclude>
    <ClInclude Include="ClientLevelFactory.h">
      <Filter>Level\Factory</Filter>
    </ClInclude>
    <ClInclude Include="ServerSelectState.h">
      <Filter>StateStack</Filter>
    </ClInclude>
    <ClInclude Include="LobbyState.h">
      <Filter>StateStack</Filter>
    </ClInclude>
    <ClInclude Include="ClientProjectileManager.h" />
    <ClInclude Include="ClientUnitManager.h" />
  </ItemGroup>
  <ItemGroup>
    <Filter Include="PreCompile">
      <UniqueIdentifier>{c4e0ae1e-09e7-4d58-884d-9ca4a18e8414}</UniqueIdentifier>
    </Filter>
    <Filter Include="StateStack">
      <UniqueIdentifier>{39b4d83c-1076-4592-8091-99e0c0c7d080}</UniqueIdentifier>
    </Filter>
    <Filter Include="Console">
      <UniqueIdentifier>{583059cc-5171-43b9-b156-bd8a25cdcc30}</UniqueIdentifier>
    </Filter>
    <Filter Include="Managers">
      <UniqueIdentifier>{f085dd4d-badd-48c6-b55c-c3ab8aeb1674}</UniqueIdentifier>
    </Filter>
    <Filter Include="Level">
      <UniqueIdentifier>{226b8cfe-ac14-4726-bc79-67f2a162501e}</UniqueIdentifier>
    </Filter>
    <Filter Include="Level\Factory">
      <UniqueIdentifier>{62d6a342-7532-4a12-8a2f-ac9ffe791a6e}</UniqueIdentifier>
    </Filter>
    <Filter Include="Network">
      <UniqueIdentifier>{77469d31-ca40-4971-8815-63f0a0a2d348}</UniqueIdentifier>
    </Filter>
  </ItemGroup>
</Project>