<?xml version="1.0" encoding="utf-8"?>
<Project ToolsVersion="4.0" xmlns="http://schemas.microsoft.com/developer/msbuild/2003">
  <ItemGroup>
    <Filter Include="Precompile">
      <UniqueIdentifier>{7294608f-e9d2-465b-a02d-ce82f859ff65}</UniqueIdentifier>
    </Filter>
    <Filter Include="Widget">
      <UniqueIdentifier>{d386e0b7-f906-4230-a432-1d9a22834a60}</UniqueIdentifier>
    </Filter>
  </ItemGroup>
  <ItemGroup>
    <ClInclude Include="stdafx.h">
      <Filter>Precompile</Filter>
    </ClInclude>
    <ClInclude Include="GUIManager.h" />
    <ClInclude Include="Widget.h">
      <Filter>Widget</Filter>
    </ClInclude>
    <ClInclude Include="WidgetContainer.h">
      <Filter>Widget</Filter>
    </ClInclude>
    <ClInclude Include="Cursor.h" />
    <ClInclude Include="BarWidget.h">
      <Filter>Widget</Filter>
    </ClInclude>
    <ClInclude Include="SpriteWidget.h">
      <Filter>Widget</Filter>
    </ClInclude>
    <ClInclude Include="ButtonWidget.h">
      <Filter>Widget</Filter>
    </ClInclude>
  </ItemGroup>
  <ItemGroup>
    <ClCompile Include="stdafx.cpp">
      <Filter>Precompile</Filter>
    </ClCompile>
    <ClCompile Include="GUIManager.cpp" />
    <ClCompile Include="Widget.cpp">
      <Filter>Widget</Filter>
    </ClCompile>
    <ClCompile Include="WidgetContainer.cpp">
      <Filter>Widget</Filter>
    </ClCompile>
    <ClCompile Include="Cursor.cpp" />
    <ClCompile Include="BarWidget.cpp">
      <Filter>Widget</Filter>
    </ClCompile>
    <ClCompile Include="SpriteWidget.cpp">
      <Filter>Widget</Filter>
    </ClCompile>
    <ClCompile Include="ButtonWidget.cpp">
      <Filter>Widget</Filter>
    </ClCompile>
  </ItemGroup>
</Project>