<?xml version="1.0" encoding="utf-8"?>
<Project ToolsVersion="4.0" xmlns="http://schemas.microsoft.com/developer/msbuild/2003">
  <ItemGroup>
    <Filter Include="Precompile">
      <UniqueIdentifier>{df40e3c9-e0d6-4b4f-8f78-f6ef7f9ad510}</UniqueIdentifier>
    </Filter>
    <Filter Include="Messages">
      <UniqueIdentifier>{36c50b2b-5728-4690-9a83-df81959203b3}</UniqueIdentifier>
    </Filter>
    <Filter Include="Interfaces">
      <UniqueIdentifier>{dbd0988d-a167-48d1-a26a-e9287d812667}</UniqueIdentifier>
    </Filter>
    <Filter Include="Utilities">
      <UniqueIdentifier>{c566cd27-29ca-46f4-8817-ce048edcfd8e}</UniqueIdentifier>
    </Filter>
  </ItemGroup>
  <ItemGroup>
    <ClCompile Include="stdafx.cpp">
      <Filter>Precompile</Filter>
    </ClCompile>
    <ClCompile Include="NetMessage.cpp">
      <Filter>Messages</Filter>
    </ClCompile>
    <ClCompile Include="ClientNetwork.cpp">
      <Filter>Interfaces</Filter>
    </ClCompile>
    <ClCompile Include="ServerNetwork.cpp">
      <Filter>Interfaces</Filter>
    </ClCompile>
    <ClCompile Include="NetworkSubscriber.cpp" />
    <ClCompile Include="SharedNetworkManager.cpp" />
  </ItemGroup>
  <ItemGroup>
    <ClInclude Include="stdafx.h">
      <Filter>Precompile</Filter>
    </ClInclude>
    <ClInclude Include="NetMessage.h">
      <Filter>Messages</Filter>
    </ClInclude>
    <ClInclude Include="NetMessagePingReply.h">
      <Filter>Messages</Filter>
    </ClInclude>
    <ClInclude Include="NetMessagePingRequest.h">
      <Filter>Messages</Filter>
    </ClInclude>
    <ClInclude Include="NetworkMessageTypes.h">
      <Filter>Messages</Filter>
    </ClInclude>
    <ClInclude Include="SerializeHelper.h">
      <Filter>Utilities</Filter>
    </ClInclude>
    <ClInclude Include="Utility.h">
      <Filter>Utilities</Filter>
    </ClInclude>
    <ClInclude Include="NetMessageOnJoin.h">
      <Filter>Messages</Filter>
    </ClInclude>
    <ClInclude Include="NetMessagePosition.h">
      <Filter>Messages</Filter>
    </ClInclude>
    <ClInclude Include="ClientNetwork.h">
      <Filter>Interfaces</Filter>
    </ClInclude>
    <ClInclude Include="ServerNetwork.h">
      <Filter>Interfaces</Filter>
    </ClInclude>
    <ClInclude Include="NetMessageOnHit.h">
      <Filter>Messages</Filter>
    </ClInclude>
    <ClInclude Include="NetImportantMessage.h">
      <Filter>Messages</Filter>
    </ClInclude>
    <ClInclude Include="NetMessageDisconnect.h">
      <Filter>Messages</Filter>
    </ClInclude>
    <ClInclude Include="NetMessageImportantReply.h">
      <Filter>Messages</Filter>
    </ClInclude>
    <ClInclude Include="NetMessageOnDeath.h">
      <Filter>Messages</Filter>
    </ClInclude>
    <ClInclude Include="NetMessageRequestLevel.h">
      <Filter>Messages</Filter>
    </ClInclude>
    <ClInclude Include="NetMessageRequestStartGame.h">
      <Filter>Messages</Filter>
    </ClInclude>
    <ClInclude Include="NetMessageStartGame.h">
      <Filter>Messages</Filter>
    </ClInclude>
    <ClInclude Include="NetMessageLevelLoaded.h">
      <Filter>Messages</Filter>
    </ClInclude>
    <ClInclude Include="NetMessageRequestConnect.h">
      <Filter>Messages</Filter>
    </ClInclude>
    <ClInclude Include="NetMessageRequestLevel.h" />
    <ClInclude Include="NetworkSubscriber.h" />
    <ClInclude Include="SharedNetworkManager.h" />
    <ClInclude Include="NetMessageConnectReply.h">
      <Filter>Messages</Filter>
    </ClInclude>
    <ClInclude Include="NetMessageSetActive.h">
      <Filter>Messages</Filter>
    </ClInclude>
  </ItemGroup>
</Project>