<?xml version="1.0" encoding="utf-8"?>
<Project ToolsVersion="4.0" xmlns="http://schemas.microsoft.com/developer/msbuild/2003">
  <ItemGroup>
    <Filter Include="Precompile">
      <UniqueIdentifier>{0da62480-ca07-45c9-acde-c9144917966b}</UniqueIdentifier>
    </Filter>
    <Filter Include="Network">
      <UniqueIdentifier>{c65366a9-dff3-467b-9cf4-b41e5490d60d}</UniqueIdentifier>
    </Filter>
    <Filter Include="StateStack">
      <UniqueIdentifier>{bdcd5e13-4557-42da-a178-c318b0a7eca8}</UniqueIdentifier>
    </Filter>
    <Filter Include="Level">
      <UniqueIdentifier>{89e05da9-eaad-4416-bb1f-ca49595eb8df}</UniqueIdentifier>
    </Filter>
    <Filter Include="Level\Factory">
      <UniqueIdentifier>{82738a90-795c-4af8-9d12-d1677f52503b}</UniqueIdentifier>
    </Filter>
    <Filter Include="Mission">
      <UniqueIdentifier>{3abe5c38-98cc-4543-ba61-6d332ce13db2}</UniqueIdentifier>
    </Filter>
  </ItemGroup>
  <ItemGroup>
    <ClInclude Include="stdafx.h">
      <Filter>Precompile</Filter>
    </ClInclude>
    <ClInclude Include="ServerNetworkManager.h">
      <Filter>Network</Filter>
    </ClInclude>
    <ClInclude Include="ServerGame.h" />
    <ClInclude Include="ServerState.h">
      <Filter>StateStack</Filter>
    </ClInclude>
    <ClInclude Include="ServerStateStack.h">
      <Filter>StateStack</Filter>
    </ClInclude>
    <ClInclude Include="ServerStateStackProxy.h">
      <Filter>StateStack</Filter>
    </ClInclude>
    <ClInclude Include="StateEnums.h">
      <Filter>StateStack</Filter>
    </ClInclude>
    <ClInclude Include="ServerInGameState.h">
      <Filter>StateStack</Filter>
    </ClInclude>
    <ClInclude Include="ServerLobbyState.h">
      <Filter>StateStack</Filter>
    </ClInclude>
    <ClInclude Include="ServerLevel.h">
      <Filter>Level</Filter>
    </ClInclude>
    <ClInclude Include="ServerLevelFactory.h">
      <Filter>Level\Factory</Filter>
    </ClInclude>
    <ClInclude Include="Mission.h">
      <Filter>Mission</Filter>
    </ClInclude>
    <ClInclude Include="MissionManager.h">
      <Filter>Mission</Filter>
    </ClInclude>
    <ClInclude Include="KillXMission.h">
      <Filter>Mission</Filter>
    </ClInclude>
    <ClInclude Include="DefendMission.h">
      <Filter>Mission</Filter>
    </ClInclude>
    <ClInclude Include="ServerProjectileManager.h" />
    <ClInclude Include="ServerUnitManager.h" />
    <ClInclude Include="ActionEvent.h">
      <Filter>Mission</Filter>
    </ClInclude>
  </ItemGroup>
  <ItemGroup>
    <ClCompile Include="stdafx.cpp">
      <Filter>Precompile</Filter>
    </ClCompile>
    <ClCompile Include="ServerNetworkManager.cpp">
      <Filter>Network</Filter>
    </ClCompile>
    <ClCompile Include="ServerGame.cpp" />
    <ClCompile Include="ServerStateStack.cpp">
      <Filter>StateStack</Filter>
    </ClCompile>
    <ClCompile Include="ServerStateStackProxy.cpp">
      <Filter>StateStack</Filter>
    </ClCompile>
    <ClCompile Include="ServerInGameState.cpp">
      <Filter>StateStack</Filter>
    </ClCompile>
    <ClCompile Include="ServerLobbyState.cpp">
      <Filter>StateStack</Filter>
    </ClCompile>
    <ClCompile Include="ServerLevel.cpp">
      <Filter>Level</Filter>
    </ClCompile>
    <ClCompile Include="ServerLevelFactory.cpp">
      <Filter>Level\Factory</Filter>
    </ClCompile>
    <ClCompile Include="Mission.cpp">
      <Filter>Mission</Filter>
    </ClCompile>
    <ClCompile Include="MissionManager.cpp">
      <Filter>Mission</Filter>
    </ClCompile>
    <ClCompile Include="KillXMission.cpp">
      <Filter>Mission</Filter>
    </ClCompile>
    <ClCompile Include="DefendMission.cpp">
      <Filter>Mission</Filter>
    </ClCompile>
    <ClCompile Include="ServerProjectileManager.cpp" />
    <ClCompile Include="ServerUnitManager.cpp" />
  </ItemGroup>
</Project>